<?xml version="1.0" encoding="utf-8"?>
<Project ToolsVersion="4.0" xmlns="http://schemas.microsoft.com/developer/msbuild/2003">
  <ItemGroup>
    <Filter Include="소스 파일">
      <UniqueIdentifier>{4FC737F1-C7A5-4376-A066-2A32D752A2FF}</UniqueIdentifier>
      <Extensions>cpp;c;cc;cxx;def;odl;idl;hpj;bat;asm;asmx</Extensions>
    </Filter>
    <Filter Include="헤더 파일">
      <UniqueIdentifier>{93995380-89BD-4b04-88EB-625FBE52EBFB}</UniqueIdentifier>
      <Extensions>h;hh;hpp;hxx;hm;inl;inc;ipp;xsd</Extensions>
    </Filter>
    <Filter Include="리소스 파일">
      <UniqueIdentifier>{67DA6AB6-F800-4c08-8B7A-83BB121AAD01}</UniqueIdentifier>
      <Extensions>rc;ico;cur;bmp;dlg;rc2;rct;bin;rgs;gif;jpg;jpeg;jpe;resx;tiff;tif;png;wav;mfcribbon-ms</Extensions>
    </Filter>
    <Filter Include="Systems">
      <UniqueIdentifier>{4e7c8e5b-19f9-41d2-8e89-c32b66474ea4}</UniqueIdentifier>
    </Filter>
    <Filter Include="Manager">
      <UniqueIdentifier>{5d566fbd-809f-41ff-bf98-31849c95a073}</UniqueIdentifier>
    </Filter>
    <Filter Include="Polygon">
      <UniqueIdentifier>{503ac288-7fe0-4734-b653-11f89c04df42}</UniqueIdentifier>
    </Filter>
    <Filter Include="GameFrame">
      <UniqueIdentifier>{81c745e0-2d04-46ba-9c07-f70b8f5ee05e}</UniqueIdentifier>
    </Filter>
    <Filter Include="3DBase">
      <UniqueIdentifier>{a76b24a7-f2b1-4d95-b4be-b8eaa017fd5a}</UniqueIdentifier>
    </Filter>
    <Filter Include="GameObject">
      <UniqueIdentifier>{833b42e7-e524-4dee-ae05-d61dc3317fed}</UniqueIdentifier>
    </Filter>
    <Filter Include="Terrain">
      <UniqueIdentifier>{eddd2328-6e3e-4515-877c-515cb56ee011}</UniqueIdentifier>
    </Filter>
    <Filter Include="FileIO">
      <UniqueIdentifier>{4d2eb883-dc48-481d-be98-d24d8ba1d3ae}</UniqueIdentifier>
    </Filter>
    <Filter Include="Utility">
      <UniqueIdentifier>{ec0626fe-6033-4d51-8ed2-38d878edff85}</UniqueIdentifier>
    </Filter>
  </ItemGroup>
  <ItemGroup>
    <ClInclude Include="CoreEngine.h">
      <Filter>헤더 파일</Filter>
    </ClInclude>
    <ClInclude Include="System.h">
      <Filter>Systems</Filter>
    </ClInclude>
    <ClInclude Include="WindowSystem.h">
      <Filter>Systems</Filter>
    </ClInclude>
    <ClInclude Include="GraphicSystem.h">
      <Filter>Systems</Filter>
    </ClInclude>
    <ClInclude Include="InputSystem.h">
      <Filter>Systems</Filter>
    </ClInclude>
    <ClInclude Include="PhysicsSystem.h">
      <Filter>Systems</Filter>
    </ClInclude>
    <ClInclude Include="MessageManager.h">
      <Filter>Manager</Filter>
    </ClInclude>
    <ClInclude Include="Polygon.h">
      <Filter>Polygon</Filter>
    </ClInclude>
    <ClInclude Include="GameFrame.h">
      <Filter>GameFrame</Filter>
    </ClInclude>
    <ClInclude Include="3DBase.h">
      <Filter>3DBase</Filter>
    </ClInclude>
    <ClInclude Include="Camera.h">
      <Filter>헤더 파일</Filter>
    </ClInclude>
    <ClInclude Include="GameObject.h">
      <Filter>GameObject</Filter>
    </ClInclude>
    <ClInclude Include="Terrain.h">
      <Filter>Terrain</Filter>
    </ClInclude>
    <ClInclude Include="QuadTree.h">
      <Filter>Terrain</Filter>
    </ClInclude>
    <ClInclude Include="Frustum.h">
      <Filter>Terrain</Filter>
    </ClInclude>
    <ClInclude Include="Dib.h">
      <Filter>FileIO</Filter>
    </ClInclude>
    <ClInclude Include="GlobalFunc.h">
      <Filter>Utility</Filter>
    </ClInclude>
  </ItemGroup>
  <ItemGroup>
    <ClCompile Include="CoreEngine.cpp">
      <Filter>소스 파일</Filter>
    </ClCompile>
    <ClCompile Include="System.cpp">
      <Filter>Systems</Filter>
    </ClCompile>
    <ClCompile Include="WindowSystem.cpp">
      <Filter>Systems</Filter>
    </ClCompile>
    <ClCompile Include="GraphicSystem.cpp">
      <Filter>Systems</Filter>
    </ClCompile>
    <ClCompile Include="InputSystem.cpp">
      <Filter>Systems</Filter>
    </ClCompile>
    <ClCompile Include="PhysicsSystem.cpp">
      <Filter>Systems</Filter>
    </ClCompile>
    <ClCompile Include="MessageManager.cpp">
      <Filter>Manager</Filter>
    </ClCompile>
    <ClCompile Include="EngineTest.cpp">
      <Filter>소스 파일</Filter>
    </ClCompile>
    <ClCompile Include="Polygon.cpp">
      <Filter>Polygon</Filter>
    </ClCompile>
    <ClCompile Include="GameFrame.cpp">
      <Filter>GameFrame</Filter>
    </ClCompile>
    <ClCompile Include="Camera.cpp">
      <Filter>소스 파일</Filter>
    </ClCompile>
    <ClCompile Include="GameObject.cpp">
      <Filter>GameObject</Filter>
    </ClCompile>
    <ClCompile Include="Terrain.cpp">
      <Filter>Terrain</Filter>
    </ClCompile>
    <ClCompile Include="QuadTree.cpp">
      <Filter>Terrain</Filter>
    </ClCompile>
    <ClCompile Include="Frustum.cpp">
      <Filter>Terrain</Filter>
    </ClCompile>
    <ClCompile Include="Dib.cpp">
      <Filter>FileIO</Filter>
    </ClCompile>
    <ClCompile Include="GlobalFunc.cpp">
      <Filter>Utility</Filter>
    </ClCompile>
  </ItemGroup>
</Project>