
Microsoft Visual Studio Solution File, Format Version 12.00
# Visual Studio 15
VisualStudioVersion = 15.0.28010.2026
MinimumVisualStudioVersion = 10.0.40219.1
Project("{8BC9CEB8-8B4A-11D0-8D11-00A0C91BC942}") = "WindowsAPI", "WindowsAPI\WindowsAPI.vcxproj", "{649BC357-FD3E-4601-83FC-35171A4F58EF}"
EndProject
Project("{8BC9CEB8-8B4A-11D0-8D11-00A0C91BC942}") = "TextOut", "TextOut\TextOut.vcxproj", "{C2D8CCCA-3491-4BF5-B389-171B6C14A353}"
EndProject
Project("{8BC9CEB8-8B4A-11D0-8D11-00A0C91BC942}") = "DrawText", "DrawText\DrawText.vcxproj", "{08843531-A94C-48B1-BC07-5EDE96436CAF}"
EndProject
Project("{8BC9CEB8-8B4A-11D0-8D11-00A0C91BC942}") = "KeyInput", "KeyInput\KeyInput.vcxproj", "{A42978EC-BEC5-4D9A-A1D8-6D55460AA3D3}"
EndProject
Project("{8BC9CEB8-8B4A-11D0-8D11-00A0C91BC942}") = "Mouse", "Mouse\Mouse.vcxproj", "{0B682D9C-7CCF-4742-86CE-16643786D0C9}"
EndProject
Project("{8BC9CEB8-8B4A-11D0-8D11-00A0C91BC942}") = "Timer", "Timer\Timer.vcxproj", "{65B95913-2261-460A-B83B-1D7F09DC2519}"
EndProject
Project("{8BC9CEB8-8B4A-11D0-8D11-00A0C91BC942}") = "BounceBall", "BounceBall\BounceBall.vcxproj", "{CDEF9019-F09C-4BF5-A2F3-4E394D781FFF}"
EndProject
Project("{8BC9CEB8-8B4A-11D0-8D11-00A0C91BC942}") = "Pen", "Pen\Pen.vcxproj", "{9A0AD456-2B90-42E3-86FE-9041FD598684}"
EndProject
Project("{8BC9CEB8-8B4A-11D0-8D11-00A0C91BC942}") = "TypingGame", "TypingGame\TypingGame.vcxproj", "{4C2C055E-1D57-4E87-AD76-C5B5171DBB7F}"
EndProject
Project("{8BC9CEB8-8B4A-11D0-8D11-00A0C91BC942}") = "BitmapPrint", "BitmapPrint\BitmapPrint.vcxproj", "{0705C3D3-40E1-42A4-BC13-99D854865A2B}"
EndProject
Project("{8BC9CEB8-8B4A-11D0-8D11-00A0C91BC942}") = "CardGame", "CardGame\CardGame.vcxproj", "{9CE98D2A-D9E0-4DF6-823E-F767F80AB24C}"
EndProject
Project("{8BC9CEB8-8B4A-11D0-8D11-00A0C91BC942}") = "PairGame", "PairGame\PairGame.vcxproj", "{4D920706-992A-44BB-AF10-3F7366FA3DDD}"
EndProject
Global
	GlobalSection(SolutionConfigurationPlatforms) = preSolution
		Debug|x64 = Debug|x64
		Debug|x86 = Debug|x86
		Release|x64 = Release|x64
		Release|x86 = Release|x86
	EndGlobalSection
	GlobalSection(ProjectConfigurationPlatforms) = postSolution
		{649BC357-FD3E-4601-83FC-35171A4F58EF}.Debug|x64.ActiveCfg = Debug|x64
		{649BC357-FD3E-4601-83FC-35171A4F58EF}.Debug|x64.Build.0 = Debug|x64
		{649BC357-FD3E-4601-83FC-35171A4F58EF}.Debug|x86.ActiveCfg = Debug|Win32
		{649BC357-FD3E-4601-83FC-35171A4F58EF}.Debug|x86.Build.0 = Debug|Win32
		{649BC357-FD3E-4601-83FC-35171A4F58EF}.Release|x64.ActiveCfg = Release|x64
		{649BC357-FD3E-4601-83FC-35171A4F58EF}.Release|x64.Build.0 = Release|x64
		{649BC357-FD3E-4601-83FC-35171A4F58EF}.Release|x86.ActiveCfg = Release|Win32
		{649BC357-FD3E-4601-83FC-35171A4F58EF}.Release|x86.Build.0 = Release|Win32
		{C2D8CCCA-3491-4BF5-B389-171B6C14A353}.Debug|x64.ActiveCfg = Debug|x64
		{C2D8CCCA-3491-4BF5-B389-171B6C14A353}.Debug|x64.Build.0 = Debug|x64
		{C2D8CCCA-3491-4BF5-B389-171B6C14A353}.Debug|x86.ActiveCfg = Debug|Win32
		{C2D8CCCA-3491-4BF5-B389-171B6C14A353}.Debug|x86.Build.0 = Debug|Win32
		{C2D8CCCA-3491-4BF5-B389-171B6C14A353}.Release|x64.ActiveCfg = Release|x64
		{C2D8CCCA-3491-4BF5-B389-171B6C14A353}.Release|x64.Build.0 = Release|x64
		{C2D8CCCA-3491-4BF5-B389-171B6C14A353}.Release|x86.ActiveCfg = Release|Win32
		{C2D8CCCA-3491-4BF5-B389-171B6C14A353}.Release|x86.Build.0 = Release|Win32
		{08843531-A94C-48B1-BC07-5EDE96436CAF}.Debug|x64.ActiveCfg = Debug|x64
		{08843531-A94C-48B1-BC07-5EDE96436CAF}.Debug|x64.Build.0 = Debug|x64
		{08843531-A94C-48B1-BC07-5EDE96436CAF}.Debug|x86.ActiveCfg = Debug|Win32
		{08843531-A94C-48B1-BC07-5EDE96436CAF}.Debug|x86.Build.0 = Debug|Win32
		{08843531-A94C-48B1-BC07-5EDE96436CAF}.Release|x64.ActiveCfg = Release|x64
		{08843531-A94C-48B1-BC07-5EDE96436CAF}.Release|x64.Build.0 = Release|x64
		{08843531-A94C-48B1-BC07-5EDE96436CAF}.Release|x86.ActiveCfg = Release|Win32
		{08843531-A94C-48B1-BC07-5EDE96436CAF}.Release|x86.Build.0 = Release|Win32
		{A42978EC-BEC5-4D9A-A1D8-6D55460AA3D3}.Debug|x64.ActiveCfg = Debug|x64
		{A42978EC-BEC5-4D9A-A1D8-6D55460AA3D3}.Debug|x64.Build.0 = Debug|x64
		{A42978EC-BEC5-4D9A-A1D8-6D55460AA3D3}.Debug|x86.ActiveCfg = Debug|Win32
		{A42978EC-BEC5-4D9A-A1D8-6D55460AA3D3}.Debug|x86.Build.0 = Debug|Win32
		{A42978EC-BEC5-4D9A-A1D8-6D55460AA3D3}.Release|x64.ActiveCfg = Release|x64
		{A42978EC-BEC5-4D9A-A1D8-6D55460AA3D3}.Release|x64.Build.0 = Release|x64
		{A42978EC-BEC5-4D9A-A1D8-6D55460AA3D3}.Release|x86.ActiveCfg = Release|Win32
		{A42978EC-BEC5-4D9A-A1D8-6D55460AA3D3}.Release|x86.Build.0 = Release|Win32
		{0B682D9C-7CCF-4742-86CE-16643786D0C9}.Debug|x64.ActiveCfg = Debug|x64
		{0B682D9C-7CCF-4742-86CE-16643786D0C9}.Debug|x64.Build.0 = Debug|x64
		{0B682D9C-7CCF-4742-86CE-16643786D0C9}.Debug|x86.ActiveCfg = Debug|Win32
		{0B682D9C-7CCF-4742-86CE-16643786D0C9}.Debug|x86.Build.0 = Debug|Win32
		{0B682D9C-7CCF-4742-86CE-16643786D0C9}.Release|x64.ActiveCfg = Release|x64
		{0B682D9C-7CCF-4742-86CE-16643786D0C9}.Release|x64.Build.0 = Release|x64
		{0B682D9C-7CCF-4742-86CE-16643786D0C9}.Release|x86.ActiveCfg = Release|Win32
		{0B682D9C-7CCF-4742-86CE-16643786D0C9}.Release|x86.Build.0 = Release|Win32
		{65B95913-2261-460A-B83B-1D7F09DC2519}.Debug|x64.ActiveCfg = Debug|x64
		{65B95913-2261-460A-B83B-1D7F09DC2519}.Debug|x64.Build.0 = Debug|x64
		{65B95913-2261-460A-B83B-1D7F09DC2519}.Debug|x86.ActiveCfg = Debug|Win32
		{65B95913-2261-460A-B83B-1D7F09DC2519}.Debug|x86.Build.0 = Debug|Win32
		{65B95913-2261-460A-B83B-1D7F09DC2519}.Release|x64.ActiveCfg = Release|x64
		{65B95913-2261-460A-B83B-1D7F09DC2519}.Release|x64.Build.0 = Release|x64
		{65B95913-2261-460A-B83B-1D7F09DC2519}.Release|x86.ActiveCfg = Release|Win32
		{65B95913-2261-460A-B83B-1D7F09DC2519}.Release|x86.Build.0 = Release|Win32
		{CDEF9019-F09C-4BF5-A2F3-4E394D781FFF}.Debug|x64.ActiveCfg = Debug|x64
		{CDEF9019-F09C-4BF5-A2F3-4E394D781FFF}.Debug|x64.Build.0 = Debug|x64
		{CDEF9019-F09C-4BF5-A2F3-4E394D781FFF}.Debug|x86.ActiveCfg = Debug|Win32
		{CDEF9019-F09C-4BF5-A2F3-4E394D781FFF}.Debug|x86.Build.0 = Debug|Win32
		{CDEF9019-F09C-4BF5-A2F3-4E394D781FFF}.Release|x64.ActiveCfg = Release|x64
		{CDEF9019-F09C-4BF5-A2F3-4E394D781FFF}.Release|x64.Build.0 = Release|x64
		{CDEF9019-F09C-4BF5-A2F3-4E394D781FFF}.Release|x86.ActiveCfg = Release|Win32
		{CDEF9019-F09C-4BF5-A2F3-4E394D781FFF}.Release|x86.Build.0 = Release|Win32
		{9A0AD456-2B90-42E3-86FE-9041FD598684}.Debug|x64.ActiveCfg = Debug|x64
		{9A0AD456-2B90-42E3-86FE-9041FD598684}.Debug|x64.Build.0 = Debug|x64
		{9A0AD456-2B90-42E3-86FE-9041FD598684}.Debug|x86.ActiveCfg = Debug|Win32
		{9A0AD456-2B90-42E3-86FE-9041FD598684}.Debug|x86.Build.0 = Debug|Win32
		{9A0AD456-2B90-42E3-86FE-9041FD598684}.Release|x64.ActiveCfg = Release|x64
		{9A0AD456-2B90-42E3-86FE-9041FD598684}.Release|x64.Build.0 = Release|x64
		{9A0AD456-2B90-42E3-86FE-9041FD598684}.Release|x86.ActiveCfg = Release|Win32
		{9A0AD456-2B90-42E3-86FE-9041FD598684}.Release|x86.Build.0 = Release|Win32
		{4C2C055E-1D57-4E87-AD76-C5B5171DBB7F}.Debug|x64.ActiveCfg = Debug|x64
		{4C2C055E-1D57-4E87-AD76-C5B5171DBB7F}.Debug|x64.Build.0 = Debug|x64
		{4C2C055E-1D57-4E87-AD76-C5B5171DBB7F}.Debug|x86.ActiveCfg = Debug|Win32
		{4C2C055E-1D57-4E87-AD76-C5B5171DBB7F}.Debug|x86.Build.0 = Debug|Win32
		{4C2C055E-1D57-4E87-AD76-C5B5171DBB7F}.Release|x64.ActiveCfg = Release|x64
		{4C2C055E-1D57-4E87-AD76-C5B5171DBB7F}.Release|x64.Build.0 = Release|x64
		{4C2C055E-1D57-4E87-AD76-C5B5171DBB7F}.Release|x86.ActiveCfg = Release|Win32
		{4C2C055E-1D57-4E87-AD76-C5B5171DBB7F}.Release|x86.Build.0 = Release|Win32
		{0705C3D3-40E1-42A4-BC13-99D854865A2B}.Debug|x64.ActiveCfg = Debug|x64
		{0705C3D3-40E1-42A4-BC13-99D854865A2B}.Debug|x64.Build.0 = Debug|x64
		{0705C3D3-40E1-42A4-BC13-99D854865A2B}.Debug|x86.ActiveCfg = Debug|Win32
		{0705C3D3-40E1-42A4-BC13-99D854865A2B}.Debug|x86.Build.0 = Debug|Win32
		{0705C3D3-40E1-42A4-BC13-99D854865A2B}.Release|x64.ActiveCfg = Release|x64
		{0705C3D3-40E1-42A4-BC13-99D854865A2B}.Release|x64.Build.0 = Release|x64
		{0705C3D3-40E1-42A4-BC13-99D854865A2B}.Release|x86.ActiveCfg = Release|Win32
		{0705C3D3-40E1-42A4-BC13-99D854865A2B}.Release|x86.Build.0 = Release|Win32
		{9CE98D2A-D9E0-4DF6-823E-F767F80AB24C}.Debug|x64.ActiveCfg = Debug|x64
		{9CE98D2A-D9E0-4DF6-823E-F767F80AB24C}.Debug|x64.Build.0 = Debug|x64
		{9CE98D2A-D9E0-4DF6-823E-F767F80AB24C}.Debug|x86.ActiveCfg = Debug|Win32
		{9CE98D2A-D9E0-4DF6-823E-F767F80AB24C}.Debug|x86.Build.0 = Debug|Win32
		{9CE98D2A-D9E0-4DF6-823E-F767F80AB24C}.Release|x64.ActiveCfg = Release|x64
		{9CE98D2A-D9E0-4DF6-823E-F767F80AB24C}.Release|x64.Build.0 = Release|x64
		{9CE98D2A-D9E0-4DF6-823E-F767F80AB24C}.Release|x86.ActiveCfg = Release|Win32
		{9CE98D2A-D9E0-4DF6-823E-F767F80AB24C}.Release|x86.Build.0 = Release|Win32
		{4D920706-992A-44BB-AF10-3F7366FA3DDD}.Debug|x64.ActiveCfg = Debug|x64
		{4D920706-992A-44BB-AF10-3F7366FA3DDD}.Debug|x64.Build.0 = Debug|x64
		{4D920706-992A-44BB-AF10-3F7366FA3DDD}.Debug|x86.ActiveCfg = Debug|Win32
		{4D920706-992A-44BB-AF10-3F7366FA3DDD}.Debug|x86.Build.0 = Debug|Win32
		{4D920706-992A-44BB-AF10-3F7366FA3DDD}.Release|x64.ActiveCfg = Release|x64
		{4D920706-992A-44BB-AF10-3F7366FA3DDD}.Release|x64.Build.0 = Release|x64
		{4D920706-992A-44BB-AF10-3F7366FA3DDD}.Release|x86.ActiveCfg = Release|Win32
		{4D920706-992A-44BB-AF10-3F7366FA3DDD}.Release|x86.Build.0 = Release|Win32
	EndGlobalSection
	GlobalSection(SolutionProperties) = preSolution
		HideSolutionNode = FALSE
	EndGlobalSection
	GlobalSection(ExtensibilityGlobals) = postSolution
		SolutionGuid = {72509587-4653-476D-A40F-F74379EA383C}
	EndGlobalSection
EndGlobal
