
Microsoft Visual Studio Solution File, Format Version 12.00
# Visual Studio 15
VisualStudioVersion = 15.0.28010.2026
MinimumVisualStudioVersion = 10.0.40219.1
Project("{8BC9CEB8-8B4A-11D0-8D11-00A0C91BC942}") = "HelloWorld", "HelloWorld\HelloWorld.vcxproj", "{694DAD9A-D960-48C6-9A7D-77576CC9F8EA}"
EndProject
Project("{8BC9CEB8-8B4A-11D0-8D11-00A0C91BC942}") = "NULL", "NULL\NULL.vcxproj", "{4369AAEA-1212-4169-9C88-4B25B8747BB2}"
EndProject
Project("{8BC9CEB8-8B4A-11D0-8D11-00A0C91BC942}") = "Omok", "Omok\Omok.vcxproj", "{1B967E09-3FDC-4A2F-853C-829FE3525FE0}"
EndProject
Project("{8BC9CEB8-8B4A-11D0-8D11-00A0C91BC942}") = "CheckEven", "CheckEven\CheckEven.vcxproj", "{874F5263-E3BF-411C-8C62-963DAA7BA068}"
EndProject
Project("{8BC9CEB8-8B4A-11D0-8D11-00A0C91BC942}") = "Gugudan", "Gugudan\Gugudan.vcxproj", "{F691EC60-B3F9-4CB5-96CB-12CE014E44A0}"
EndProject
Project("{8BC9CEB8-8B4A-11D0-8D11-00A0C91BC942}") = "EvenSum", "EvenSum\EvenSum.vcxproj", "{062EE01F-C1E9-4241-864A-29C1ACB926A2}"
EndProject
Project("{8BC9CEB8-8B4A-11D0-8D11-00A0C91BC942}") = "BMI", "BMI\BMI.vcxproj", "{F0B26ACF-6D01-4378-9A7A-3DF9E1C14E0D}"
EndProject
Project("{8BC9CEB8-8B4A-11D0-8D11-00A0C91BC942}") = "Test", "Test\Test.vcxproj", "{3B583928-36BE-4571-A617-61CBEB6B81EC}"
EndProject
Project("{8BC9CEB8-8B4A-11D0-8D11-00A0C91BC942}") = "Struct", "Struct\Struct.vcxproj", "{CE88C637-935F-40B4-B462-E58DFAC8E9A3}"
EndProject
Project("{8BC9CEB8-8B4A-11D0-8D11-00A0C91BC942}") = "ScoreBoard", "ScoreBoard\ScoreBoard.vcxproj", "{C31086A3-1553-4813-AFA7-A706D49986AB}"
EndProject
Project("{8BC9CEB8-8B4A-11D0-8D11-00A0C91BC942}") = "MyStrcpy", "MyStrcpy\MyStrcpy.vcxproj", "{03E68450-BAE3-4C0F-A354-8A3D5C6E43A4}"
EndProject
Project("{8BC9CEB8-8B4A-11D0-8D11-00A0C91BC942}") = "FindStr", "FindStr\FindStr.vcxproj", "{137D7CD8-B625-4752-8C83-D6E0FF4BF49C}"
EndProject
Project("{8BC9CEB8-8B4A-11D0-8D11-00A0C91BC942}") = "BoxCheck", "BoxCheck\BoxCheck.vcxproj", "{182D4DC2-E781-4483-AB96-2017D613C079}"
EndProject
Global
	GlobalSection(SolutionConfigurationPlatforms) = preSolution
		Debug|x64 = Debug|x64
		Debug|x86 = Debug|x86
		Release|x64 = Release|x64
		Release|x86 = Release|x86
	EndGlobalSection
	GlobalSection(ProjectConfigurationPlatforms) = postSolution
		{694DAD9A-D960-48C6-9A7D-77576CC9F8EA}.Debug|x64.ActiveCfg = Debug|x64
		{694DAD9A-D960-48C6-9A7D-77576CC9F8EA}.Debug|x64.Build.0 = Debug|x64
		{694DAD9A-D960-48C6-9A7D-77576CC9F8EA}.Debug|x86.ActiveCfg = Debug|Win32
		{694DAD9A-D960-48C6-9A7D-77576CC9F8EA}.Debug|x86.Build.0 = Debug|Win32
		{694DAD9A-D960-48C6-9A7D-77576CC9F8EA}.Release|x64.ActiveCfg = Release|x64
		{694DAD9A-D960-48C6-9A7D-77576CC9F8EA}.Release|x64.Build.0 = Release|x64
		{694DAD9A-D960-48C6-9A7D-77576CC9F8EA}.Release|x86.ActiveCfg = Release|Win32
		{694DAD9A-D960-48C6-9A7D-77576CC9F8EA}.Release|x86.Build.0 = Release|Win32
		{4369AAEA-1212-4169-9C88-4B25B8747BB2}.Debug|x64.ActiveCfg = Debug|x64
		{4369AAEA-1212-4169-9C88-4B25B8747BB2}.Debug|x64.Build.0 = Debug|x64
		{4369AAEA-1212-4169-9C88-4B25B8747BB2}.Debug|x86.ActiveCfg = Debug|Win32
		{4369AAEA-1212-4169-9C88-4B25B8747BB2}.Debug|x86.Build.0 = Debug|Win32
		{4369AAEA-1212-4169-9C88-4B25B8747BB2}.Release|x64.ActiveCfg = Release|x64
		{4369AAEA-1212-4169-9C88-4B25B8747BB2}.Release|x64.Build.0 = Release|x64
		{4369AAEA-1212-4169-9C88-4B25B8747BB2}.Release|x86.ActiveCfg = Release|Win32
		{4369AAEA-1212-4169-9C88-4B25B8747BB2}.Release|x86.Build.0 = Release|Win32
		{1B967E09-3FDC-4A2F-853C-829FE3525FE0}.Debug|x64.ActiveCfg = Debug|x64
		{1B967E09-3FDC-4A2F-853C-829FE3525FE0}.Debug|x64.Build.0 = Debug|x64
		{1B967E09-3FDC-4A2F-853C-829FE3525FE0}.Debug|x86.ActiveCfg = Debug|Win32
		{1B967E09-3FDC-4A2F-853C-829FE3525FE0}.Debug|x86.Build.0 = Debug|Win32
		{1B967E09-3FDC-4A2F-853C-829FE3525FE0}.Release|x64.ActiveCfg = Release|x64
		{1B967E09-3FDC-4A2F-853C-829FE3525FE0}.Release|x64.Build.0 = Release|x64
		{1B967E09-3FDC-4A2F-853C-829FE3525FE0}.Release|x86.ActiveCfg = Release|Win32
		{1B967E09-3FDC-4A2F-853C-829FE3525FE0}.Release|x86.Build.0 = Release|Win32
		{874F5263-E3BF-411C-8C62-963DAA7BA068}.Debug|x64.ActiveCfg = Debug|x64
		{874F5263-E3BF-411C-8C62-963DAA7BA068}.Debug|x64.Build.0 = Debug|x64
		{874F5263-E3BF-411C-8C62-963DAA7BA068}.Debug|x86.ActiveCfg = Debug|Win32
		{874F5263-E3BF-411C-8C62-963DAA7BA068}.Debug|x86.Build.0 = Debug|Win32
		{874F5263-E3BF-411C-8C62-963DAA7BA068}.Release|x64.ActiveCfg = Release|x64
		{874F5263-E3BF-411C-8C62-963DAA7BA068}.Release|x64.Build.0 = Release|x64
		{874F5263-E3BF-411C-8C62-963DAA7BA068}.Release|x86.ActiveCfg = Release|Win32
		{874F5263-E3BF-411C-8C62-963DAA7BA068}.Release|x86.Build.0 = Release|Win32
		{F691EC60-B3F9-4CB5-96CB-12CE014E44A0}.Debug|x64.ActiveCfg = Debug|x64
		{F691EC60-B3F9-4CB5-96CB-12CE014E44A0}.Debug|x64.Build.0 = Debug|x64
		{F691EC60-B3F9-4CB5-96CB-12CE014E44A0}.Debug|x86.ActiveCfg = Debug|Win32
		{F691EC60-B3F9-4CB5-96CB-12CE014E44A0}.Debug|x86.Build.0 = Debug|Win32
		{F691EC60-B3F9-4CB5-96CB-12CE014E44A0}.Release|x64.ActiveCfg = Release|x64
		{F691EC60-B3F9-4CB5-96CB-12CE014E44A0}.Release|x64.Build.0 = Release|x64
		{F691EC60-B3F9-4CB5-96CB-12CE014E44A0}.Release|x86.ActiveCfg = Release|Win32
		{F691EC60-B3F9-4CB5-96CB-12CE014E44A0}.Release|x86.Build.0 = Release|Win32
		{062EE01F-C1E9-4241-864A-29C1ACB926A2}.Debug|x64.ActiveCfg = Debug|x64
		{062EE01F-C1E9-4241-864A-29C1ACB926A2}.Debug|x64.Build.0 = Debug|x64
		{062EE01F-C1E9-4241-864A-29C1ACB926A2}.Debug|x86.ActiveCfg = Debug|Win32
		{062EE01F-C1E9-4241-864A-29C1ACB926A2}.Debug|x86.Build.0 = Debug|Win32
		{062EE01F-C1E9-4241-864A-29C1ACB926A2}.Release|x64.ActiveCfg = Release|x64
		{062EE01F-C1E9-4241-864A-29C1ACB926A2}.Release|x64.Build.0 = Release|x64
		{062EE01F-C1E9-4241-864A-29C1ACB926A2}.Release|x86.ActiveCfg = Release|Win32
		{062EE01F-C1E9-4241-864A-29C1ACB926A2}.Release|x86.Build.0 = Release|Win32
		{F0B26ACF-6D01-4378-9A7A-3DF9E1C14E0D}.Debug|x64.ActiveCfg = Debug|x64
		{F0B26ACF-6D01-4378-9A7A-3DF9E1C14E0D}.Debug|x64.Build.0 = Debug|x64
		{F0B26ACF-6D01-4378-9A7A-3DF9E1C14E0D}.Debug|x86.ActiveCfg = Debug|Win32
		{F0B26ACF-6D01-4378-9A7A-3DF9E1C14E0D}.Debug|x86.Build.0 = Debug|Win32
		{F0B26ACF-6D01-4378-9A7A-3DF9E1C14E0D}.Release|x64.ActiveCfg = Release|x64
		{F0B26ACF-6D01-4378-9A7A-3DF9E1C14E0D}.Release|x64.Build.0 = Release|x64
		{F0B26ACF-6D01-4378-9A7A-3DF9E1C14E0D}.Release|x86.ActiveCfg = Release|Win32
		{F0B26ACF-6D01-4378-9A7A-3DF9E1C14E0D}.Release|x86.Build.0 = Release|Win32
		{3B583928-36BE-4571-A617-61CBEB6B81EC}.Debug|x64.ActiveCfg = Debug|x64
		{3B583928-36BE-4571-A617-61CBEB6B81EC}.Debug|x64.Build.0 = Debug|x64
		{3B583928-36BE-4571-A617-61CBEB6B81EC}.Debug|x86.ActiveCfg = Debug|Win32
		{3B583928-36BE-4571-A617-61CBEB6B81EC}.Debug|x86.Build.0 = Debug|Win32
		{3B583928-36BE-4571-A617-61CBEB6B81EC}.Release|x64.ActiveCfg = Release|x64
		{3B583928-36BE-4571-A617-61CBEB6B81EC}.Release|x64.Build.0 = Release|x64
		{3B583928-36BE-4571-A617-61CBEB6B81EC}.Release|x86.ActiveCfg = Release|Win32
		{3B583928-36BE-4571-A617-61CBEB6B81EC}.Release|x86.Build.0 = Release|Win32
		{CE88C637-935F-40B4-B462-E58DFAC8E9A3}.Debug|x64.ActiveCfg = Debug|x64
		{CE88C637-935F-40B4-B462-E58DFAC8E9A3}.Debug|x64.Build.0 = Debug|x64
		{CE88C637-935F-40B4-B462-E58DFAC8E9A3}.Debug|x86.ActiveCfg = Debug|Win32
		{CE88C637-935F-40B4-B462-E58DFAC8E9A3}.Debug|x86.Build.0 = Debug|Win32
		{CE88C637-935F-40B4-B462-E58DFAC8E9A3}.Release|x64.ActiveCfg = Release|x64
		{CE88C637-935F-40B4-B462-E58DFAC8E9A3}.Release|x64.Build.0 = Release|x64
		{CE88C637-935F-40B4-B462-E58DFAC8E9A3}.Release|x86.ActiveCfg = Release|Win32
		{CE88C637-935F-40B4-B462-E58DFAC8E9A3}.Release|x86.Build.0 = Release|Win32
		{C31086A3-1553-4813-AFA7-A706D49986AB}.Debug|x64.ActiveCfg = Debug|x64
		{C31086A3-1553-4813-AFA7-A706D49986AB}.Debug|x64.Build.0 = Debug|x64
		{C31086A3-1553-4813-AFA7-A706D49986AB}.Debug|x86.ActiveCfg = Debug|Win32
		{C31086A3-1553-4813-AFA7-A706D49986AB}.Debug|x86.Build.0 = Debug|Win32
		{C31086A3-1553-4813-AFA7-A706D49986AB}.Release|x64.ActiveCfg = Release|x64
		{C31086A3-1553-4813-AFA7-A706D49986AB}.Release|x64.Build.0 = Release|x64
		{C31086A3-1553-4813-AFA7-A706D49986AB}.Release|x86.ActiveCfg = Release|Win32
		{C31086A3-1553-4813-AFA7-A706D49986AB}.Release|x86.Build.0 = Release|Win32
		{03E68450-BAE3-4C0F-A354-8A3D5C6E43A4}.Debug|x64.ActiveCfg = Debug|x64
		{03E68450-BAE3-4C0F-A354-8A3D5C6E43A4}.Debug|x64.Build.0 = Debug|x64
		{03E68450-BAE3-4C0F-A354-8A3D5C6E43A4}.Debug|x86.ActiveCfg = Debug|Win32
		{03E68450-BAE3-4C0F-A354-8A3D5C6E43A4}.Debug|x86.Build.0 = Debug|Win32
		{03E68450-BAE3-4C0F-A354-8A3D5C6E43A4}.Release|x64.ActiveCfg = Release|x64
		{03E68450-BAE3-4C0F-A354-8A3D5C6E43A4}.Release|x64.Build.0 = Release|x64
		{03E68450-BAE3-4C0F-A354-8A3D5C6E43A4}.Release|x86.ActiveCfg = Release|Win32
		{03E68450-BAE3-4C0F-A354-8A3D5C6E43A4}.Release|x86.Build.0 = Release|Win32
		{137D7CD8-B625-4752-8C83-D6E0FF4BF49C}.Debug|x64.ActiveCfg = Debug|x64
		{137D7CD8-B625-4752-8C83-D6E0FF4BF49C}.Debug|x64.Build.0 = Debug|x64
		{137D7CD8-B625-4752-8C83-D6E0FF4BF49C}.Debug|x86.ActiveCfg = Debug|Win32
		{137D7CD8-B625-4752-8C83-D6E0FF4BF49C}.Debug|x86.Build.0 = Debug|Win32
		{137D7CD8-B625-4752-8C83-D6E0FF4BF49C}.Release|x64.ActiveCfg = Release|x64
		{137D7CD8-B625-4752-8C83-D6E0FF4BF49C}.Release|x64.Build.0 = Release|x64
		{137D7CD8-B625-4752-8C83-D6E0FF4BF49C}.Release|x86.ActiveCfg = Release|Win32
		{137D7CD8-B625-4752-8C83-D6E0FF4BF49C}.Release|x86.Build.0 = Release|Win32
		{182D4DC2-E781-4483-AB96-2017D613C079}.Debug|x64.ActiveCfg = Debug|x64
		{182D4DC2-E781-4483-AB96-2017D613C079}.Debug|x64.Build.0 = Debug|x64
		{182D4DC2-E781-4483-AB96-2017D613C079}.Debug|x86.ActiveCfg = Debug|Win32
		{182D4DC2-E781-4483-AB96-2017D613C079}.Debug|x86.Build.0 = Debug|Win32
		{182D4DC2-E781-4483-AB96-2017D613C079}.Release|x64.ActiveCfg = Release|x64
		{182D4DC2-E781-4483-AB96-2017D613C079}.Release|x64.Build.0 = Release|x64
		{182D4DC2-E781-4483-AB96-2017D613C079}.Release|x86.ActiveCfg = Release|Win32
		{182D4DC2-E781-4483-AB96-2017D613C079}.Release|x86.Build.0 = Release|Win32
	EndGlobalSection
	GlobalSection(SolutionProperties) = preSolution
		HideSolutionNode = FALSE
	EndGlobalSection
	GlobalSection(ExtensibilityGlobals) = postSolution
		SolutionGuid = {6445283D-616F-4D2A-BF7A-A81F19FA7DCE}
	EndGlobalSection
EndGlobal
