
Microsoft Visual Studio Solution File, Format Version 12.00
# Visual Studio 15
VisualStudioVersion = 15.0.28010.2026
MinimumVisualStudioVersion = 10.0.40219.1
Project("{8BC9CEB8-8B4A-11D0-8D11-00A0C91BC942}") = "01_CreateDevice", "01_CreateDevice\01_CreateDevice.vcxproj", "{55E6226C-D160-48E4-ACBD-641F2422A48B}"
EndProject
Project("{8BC9CEB8-8B4A-11D0-8D11-00A0C91BC942}") = "02_Vertex", "02_Vertex\02_Vertex.vcxproj", "{35C6A333-11A9-48F2-AAAC-AAB1765A36C5}"
EndProject
Project("{8BC9CEB8-8B4A-11D0-8D11-00A0C91BC942}") = "03_Matrix", "03_Matrix\03_Matrix.vcxproj", "{34E1FE89-E7ED-491E-9858-C0781AB46D13}"
EndProject
Project("{8BC9CEB8-8B4A-11D0-8D11-00A0C91BC942}") = "04_Light", "04_Light\04_Light.vcxproj", "{3159D2A8-A857-4CC4-A26E-128872C1B6F8}"
EndProject
Project("{8BC9CEB8-8B4A-11D0-8D11-00A0C91BC942}") = "05_Texture", "05_Texture\05_Texture.vcxproj", "{7D830672-A52D-42F8-8E54-E645C63931DD}"
EndProject
Project("{8BC9CEB8-8B4A-11D0-8D11-00A0C91BC942}") = "06_Mesh", "06_Mesh\06_Mesh.vcxproj", "{F519BBD5-5446-4B68-A71C-A2D502476445}"
EndProject
Project("{8BC9CEB8-8B4A-11D0-8D11-00A0C91BC942}") = "07_IndexBuffer", "07_IndexBuffer\07_IndexBuffer.vcxproj", "{A21B892F-D50B-4049-8477-AC822370AAC5}"
EndProject
Project("{8BC9CEB8-8B4A-11D0-8D11-00A0C91BC942}") = "MatrixTest", "MatrixTest\MatrixTest.vcxproj", "{367A4B5B-C200-4CCB-A546-743A52696C03}"
EndProject
Project("{8BC9CEB8-8B4A-11D0-8D11-00A0C91BC942}") = "08_KeyFrameAni", "08_KeyFrameAni\08_KeyFrameAni.vcxproj", "{3A0B4493-D1B6-4EC3-A734-31D3868001B6}"
EndProject
Project("{8BC9CEB8-8B4A-11D0-8D11-00A0C91BC942}") = "PlanetSimulation", "PlanetSimulation\PlanetSimulation.vcxproj", "{3734402F-7795-432A-8023-F910E10FB4F9}"
EndProject
Project("{8BC9CEB8-8B4A-11D0-8D11-00A0C91BC942}") = "CharacterAnimation", "CharacterAnimation\CharacterAnimation.vcxproj", "{6F8CBB4B-0159-4388-B0A8-4A5A39B462F5}"
EndProject
Project("{8BC9CEB8-8B4A-11D0-8D11-00A0C91BC942}") = "09_LightMap", "09_LightMap\09_LightMap.vcxproj", "{DFD060E8-DEE0-450F-A46E-0BB360C322C5}"
EndProject
Global
	GlobalSection(SolutionConfigurationPlatforms) = preSolution
		Debug|x64 = Debug|x64
		Debug|x86 = Debug|x86
		Release|x64 = Release|x64
		Release|x86 = Release|x86
	EndGlobalSection
	GlobalSection(ProjectConfigurationPlatforms) = postSolution
		{55E6226C-D160-48E4-ACBD-641F2422A48B}.Debug|x64.ActiveCfg = Debug|x64
		{55E6226C-D160-48E4-ACBD-641F2422A48B}.Debug|x64.Build.0 = Debug|x64
		{55E6226C-D160-48E4-ACBD-641F2422A48B}.Debug|x86.ActiveCfg = Debug|Win32
		{55E6226C-D160-48E4-ACBD-641F2422A48B}.Debug|x86.Build.0 = Debug|Win32
		{55E6226C-D160-48E4-ACBD-641F2422A48B}.Release|x64.ActiveCfg = Release|x64
		{55E6226C-D160-48E4-ACBD-641F2422A48B}.Release|x64.Build.0 = Release|x64
		{55E6226C-D160-48E4-ACBD-641F2422A48B}.Release|x86.ActiveCfg = Release|Win32
		{55E6226C-D160-48E4-ACBD-641F2422A48B}.Release|x86.Build.0 = Release|Win32
		{35C6A333-11A9-48F2-AAAC-AAB1765A36C5}.Debug|x64.ActiveCfg = Debug|x64
		{35C6A333-11A9-48F2-AAAC-AAB1765A36C5}.Debug|x64.Build.0 = Debug|x64
		{35C6A333-11A9-48F2-AAAC-AAB1765A36C5}.Debug|x86.ActiveCfg = Debug|Win32
		{35C6A333-11A9-48F2-AAAC-AAB1765A36C5}.Debug|x86.Build.0 = Debug|Win32
		{35C6A333-11A9-48F2-AAAC-AAB1765A36C5}.Release|x64.ActiveCfg = Release|x64
		{35C6A333-11A9-48F2-AAAC-AAB1765A36C5}.Release|x64.Build.0 = Release|x64
		{35C6A333-11A9-48F2-AAAC-AAB1765A36C5}.Release|x86.ActiveCfg = Release|Win32
		{35C6A333-11A9-48F2-AAAC-AAB1765A36C5}.Release|x86.Build.0 = Release|Win32
		{34E1FE89-E7ED-491E-9858-C0781AB46D13}.Debug|x64.ActiveCfg = Debug|x64
		{34E1FE89-E7ED-491E-9858-C0781AB46D13}.Debug|x64.Build.0 = Debug|x64
		{34E1FE89-E7ED-491E-9858-C0781AB46D13}.Debug|x86.ActiveCfg = Debug|Win32
		{34E1FE89-E7ED-491E-9858-C0781AB46D13}.Debug|x86.Build.0 = Debug|Win32
		{34E1FE89-E7ED-491E-9858-C0781AB46D13}.Release|x64.ActiveCfg = Release|x64
		{34E1FE89-E7ED-491E-9858-C0781AB46D13}.Release|x64.Build.0 = Release|x64
		{34E1FE89-E7ED-491E-9858-C0781AB46D13}.Release|x86.ActiveCfg = Release|Win32
		{34E1FE89-E7ED-491E-9858-C0781AB46D13}.Release|x86.Build.0 = Release|Win32
		{3159D2A8-A857-4CC4-A26E-128872C1B6F8}.Debug|x64.ActiveCfg = Debug|x64
		{3159D2A8-A857-4CC4-A26E-128872C1B6F8}.Debug|x64.Build.0 = Debug|x64
		{3159D2A8-A857-4CC4-A26E-128872C1B6F8}.Debug|x86.ActiveCfg = Debug|Win32
		{3159D2A8-A857-4CC4-A26E-128872C1B6F8}.Debug|x86.Build.0 = Debug|Win32
		{3159D2A8-A857-4CC4-A26E-128872C1B6F8}.Release|x64.ActiveCfg = Release|x64
		{3159D2A8-A857-4CC4-A26E-128872C1B6F8}.Release|x64.Build.0 = Release|x64
		{3159D2A8-A857-4CC4-A26E-128872C1B6F8}.Release|x86.ActiveCfg = Release|Win32
		{3159D2A8-A857-4CC4-A26E-128872C1B6F8}.Release|x86.Build.0 = Release|Win32
		{7D830672-A52D-42F8-8E54-E645C63931DD}.Debug|x64.ActiveCfg = Debug|x64
		{7D830672-A52D-42F8-8E54-E645C63931DD}.Debug|x64.Build.0 = Debug|x64
		{7D830672-A52D-42F8-8E54-E645C63931DD}.Debug|x86.ActiveCfg = Debug|Win32
		{7D830672-A52D-42F8-8E54-E645C63931DD}.Debug|x86.Build.0 = Debug|Win32
		{7D830672-A52D-42F8-8E54-E645C63931DD}.Release|x64.ActiveCfg = Release|x64
		{7D830672-A52D-42F8-8E54-E645C63931DD}.Release|x64.Build.0 = Release|x64
		{7D830672-A52D-42F8-8E54-E645C63931DD}.Release|x86.ActiveCfg = Release|Win32
		{7D830672-A52D-42F8-8E54-E645C63931DD}.Release|x86.Build.0 = Release|Win32
		{F519BBD5-5446-4B68-A71C-A2D502476445}.Debug|x64.ActiveCfg = Debug|x64
		{F519BBD5-5446-4B68-A71C-A2D502476445}.Debug|x64.Build.0 = Debug|x64
		{F519BBD5-5446-4B68-A71C-A2D502476445}.Debug|x86.ActiveCfg = Debug|Win32
		{F519BBD5-5446-4B68-A71C-A2D502476445}.Debug|x86.Build.0 = Debug|Win32
		{F519BBD5-5446-4B68-A71C-A2D502476445}.Release|x64.ActiveCfg = Release|x64
		{F519BBD5-5446-4B68-A71C-A2D502476445}.Release|x64.Build.0 = Release|x64
		{F519BBD5-5446-4B68-A71C-A2D502476445}.Release|x86.ActiveCfg = Release|Win32
		{F519BBD5-5446-4B68-A71C-A2D502476445}.Release|x86.Build.0 = Release|Win32
		{A21B892F-D50B-4049-8477-AC822370AAC5}.Debug|x64.ActiveCfg = Debug|x64
		{A21B892F-D50B-4049-8477-AC822370AAC5}.Debug|x64.Build.0 = Debug|x64
		{A21B892F-D50B-4049-8477-AC822370AAC5}.Debug|x86.ActiveCfg = Debug|Win32
		{A21B892F-D50B-4049-8477-AC822370AAC5}.Debug|x86.Build.0 = Debug|Win32
		{A21B892F-D50B-4049-8477-AC822370AAC5}.Release|x64.ActiveCfg = Release|x64
		{A21B892F-D50B-4049-8477-AC822370AAC5}.Release|x64.Build.0 = Release|x64
		{A21B892F-D50B-4049-8477-AC822370AAC5}.Release|x86.ActiveCfg = Release|Win32
		{A21B892F-D50B-4049-8477-AC822370AAC5}.Release|x86.Build.0 = Release|Win32
		{367A4B5B-C200-4CCB-A546-743A52696C03}.Debug|x64.ActiveCfg = Debug|x64
		{367A4B5B-C200-4CCB-A546-743A52696C03}.Debug|x64.Build.0 = Debug|x64
		{367A4B5B-C200-4CCB-A546-743A52696C03}.Debug|x86.ActiveCfg = Debug|Win32
		{367A4B5B-C200-4CCB-A546-743A52696C03}.Debug|x86.Build.0 = Debug|Win32
		{367A4B5B-C200-4CCB-A546-743A52696C03}.Release|x64.ActiveCfg = Release|x64
		{367A4B5B-C200-4CCB-A546-743A52696C03}.Release|x64.Build.0 = Release|x64
		{367A4B5B-C200-4CCB-A546-743A52696C03}.Release|x86.ActiveCfg = Release|Win32
		{367A4B5B-C200-4CCB-A546-743A52696C03}.Release|x86.Build.0 = Release|Win32
		{3A0B4493-D1B6-4EC3-A734-31D3868001B6}.Debug|x64.ActiveCfg = Debug|x64
		{3A0B4493-D1B6-4EC3-A734-31D3868001B6}.Debug|x64.Build.0 = Debug|x64
		{3A0B4493-D1B6-4EC3-A734-31D3868001B6}.Debug|x86.ActiveCfg = Debug|Win32
		{3A0B4493-D1B6-4EC3-A734-31D3868001B6}.Debug|x86.Build.0 = Debug|Win32
		{3A0B4493-D1B6-4EC3-A734-31D3868001B6}.Release|x64.ActiveCfg = Release|x64
		{3A0B4493-D1B6-4EC3-A734-31D3868001B6}.Release|x64.Build.0 = Release|x64
		{3A0B4493-D1B6-4EC3-A734-31D3868001B6}.Release|x86.ActiveCfg = Release|Win32
		{3A0B4493-D1B6-4EC3-A734-31D3868001B6}.Release|x86.Build.0 = Release|Win32
		{3734402F-7795-432A-8023-F910E10FB4F9}.Debug|x64.ActiveCfg = Debug|x64
		{3734402F-7795-432A-8023-F910E10FB4F9}.Debug|x64.Build.0 = Debug|x64
		{3734402F-7795-432A-8023-F910E10FB4F9}.Debug|x86.ActiveCfg = Debug|Win32
		{3734402F-7795-432A-8023-F910E10FB4F9}.Debug|x86.Build.0 = Debug|Win32
		{3734402F-7795-432A-8023-F910E10FB4F9}.Release|x64.ActiveCfg = Release|x64
		{3734402F-7795-432A-8023-F910E10FB4F9}.Release|x64.Build.0 = Release|x64
		{3734402F-7795-432A-8023-F910E10FB4F9}.Release|x86.ActiveCfg = Release|Win32
		{3734402F-7795-432A-8023-F910E10FB4F9}.Release|x86.Build.0 = Release|Win32
		{6F8CBB4B-0159-4388-B0A8-4A5A39B462F5}.Debug|x64.ActiveCfg = Debug|x64
		{6F8CBB4B-0159-4388-B0A8-4A5A39B462F5}.Debug|x64.Build.0 = Debug|x64
		{6F8CBB4B-0159-4388-B0A8-4A5A39B462F5}.Debug|x86.ActiveCfg = Debug|Win32
		{6F8CBB4B-0159-4388-B0A8-4A5A39B462F5}.Debug|x86.Build.0 = Debug|Win32
		{6F8CBB4B-0159-4388-B0A8-4A5A39B462F5}.Release|x64.ActiveCfg = Release|x64
		{6F8CBB4B-0159-4388-B0A8-4A5A39B462F5}.Release|x64.Build.0 = Release|x64
		{6F8CBB4B-0159-4388-B0A8-4A5A39B462F5}.Release|x86.ActiveCfg = Release|Win32
		{6F8CBB4B-0159-4388-B0A8-4A5A39B462F5}.Release|x86.Build.0 = Release|Win32
		{DFD060E8-DEE0-450F-A46E-0BB360C322C5}.Debug|x64.ActiveCfg = Debug|x64
		{DFD060E8-DEE0-450F-A46E-0BB360C322C5}.Debug|x64.Build.0 = Debug|x64
		{DFD060E8-DEE0-450F-A46E-0BB360C322C5}.Debug|x86.ActiveCfg = Debug|Win32
		{DFD060E8-DEE0-450F-A46E-0BB360C322C5}.Debug|x86.Build.0 = Debug|Win32
		{DFD060E8-DEE0-450F-A46E-0BB360C322C5}.Release|x64.ActiveCfg = Release|x64
		{DFD060E8-DEE0-450F-A46E-0BB360C322C5}.Release|x64.Build.0 = Release|x64
		{DFD060E8-DEE0-450F-A46E-0BB360C322C5}.Release|x86.ActiveCfg = Release|Win32
		{DFD060E8-DEE0-450F-A46E-0BB360C322C5}.Release|x86.Build.0 = Release|Win32
	EndGlobalSection
	GlobalSection(SolutionProperties) = preSolution
		HideSolutionNode = FALSE
	EndGlobalSection
	GlobalSection(ExtensibilityGlobals) = postSolution
		SolutionGuid = {E1BA7A6C-EA35-42A5-BA7D-DFC02AEE0491}
	EndGlobalSection
EndGlobal
