
Microsoft Visual Studio Solution File, Format Version 12.00
# Visual Studio 15
VisualStudioVersion = 15.0.28010.2026
MinimumVisualStudioVersion = 10.0.40219.1
Project("{8BC9CEB8-8B4A-11D0-8D11-00A0C91BC942}") = "TCPServer", "TCPServer\TCPServer.vcxproj", "{9C9A4632-28C8-4BCF-B656-DD58F55B5365}"
EndProject
Project("{8BC9CEB8-8B4A-11D0-8D11-00A0C91BC942}") = "MultithreadTCPServer", "MultithreadTCPServer\MultithreadTCPServer.vcxproj", "{7047B010-8F5C-4057-A44D-C7B54F6B2156}"
EndProject
Project("{8BC9CEB8-8B4A-11D0-8D11-00A0C91BC942}") = "ExEvent", "ExEvent\ExEvent.vcxproj", "{1859ECE7-E7F5-4870-BA24-3B57A1EF1EFD}"
EndProject
Project("{8BC9CEB8-8B4A-11D0-8D11-00A0C91BC942}") = "UDPServer", "UDPServer\UDPServer.vcxproj", "{A8528ADC-200C-406E-8EC5-C85A88DD9E74}"
EndProject
Project("{8BC9CEB8-8B4A-11D0-8D11-00A0C91BC942}") = "NonblockTCPServer", "NonblockTCPServer\NonblockTCPServer.vcxproj", "{FCE50386-7107-4384-91D9-F5F143EB39C9}"
EndProject
Project("{8BC9CEB8-8B4A-11D0-8D11-00A0C91BC942}") = "AsyncSelectTCPServer", "AsyncSelectTCPServer\AsyncSelectTCPServer.vcxproj", "{2287FC3C-10C5-4D04-9EBB-AE090BB68D24}"
EndProject
Global
	GlobalSection(SolutionConfigurationPlatforms) = preSolution
		Debug|x64 = Debug|x64
		Debug|x86 = Debug|x86
		Release|x64 = Release|x64
		Release|x86 = Release|x86
	EndGlobalSection
	GlobalSection(ProjectConfigurationPlatforms) = postSolution
		{9C9A4632-28C8-4BCF-B656-DD58F55B5365}.Debug|x64.ActiveCfg = Debug|x64
		{9C9A4632-28C8-4BCF-B656-DD58F55B5365}.Debug|x64.Build.0 = Debug|x64
		{9C9A4632-28C8-4BCF-B656-DD58F55B5365}.Debug|x86.ActiveCfg = Debug|Win32
		{9C9A4632-28C8-4BCF-B656-DD58F55B5365}.Debug|x86.Build.0 = Debug|Win32
		{9C9A4632-28C8-4BCF-B656-DD58F55B5365}.Release|x64.ActiveCfg = Release|x64
		{9C9A4632-28C8-4BCF-B656-DD58F55B5365}.Release|x64.Build.0 = Release|x64
		{9C9A4632-28C8-4BCF-B656-DD58F55B5365}.Release|x86.ActiveCfg = Release|Win32
		{9C9A4632-28C8-4BCF-B656-DD58F55B5365}.Release|x86.Build.0 = Release|Win32
		{7047B010-8F5C-4057-A44D-C7B54F6B2156}.Debug|x64.ActiveCfg = Debug|x64
		{7047B010-8F5C-4057-A44D-C7B54F6B2156}.Debug|x64.Build.0 = Debug|x64
		{7047B010-8F5C-4057-A44D-C7B54F6B2156}.Debug|x86.ActiveCfg = Debug|Win32
		{7047B010-8F5C-4057-A44D-C7B54F6B2156}.Debug|x86.Build.0 = Debug|Win32
		{7047B010-8F5C-4057-A44D-C7B54F6B2156}.Release|x64.ActiveCfg = Release|x64
		{7047B010-8F5C-4057-A44D-C7B54F6B2156}.Release|x64.Build.0 = Release|x64
		{7047B010-8F5C-4057-A44D-C7B54F6B2156}.Release|x86.ActiveCfg = Release|Win32
		{7047B010-8F5C-4057-A44D-C7B54F6B2156}.Release|x86.Build.0 = Release|Win32
		{1859ECE7-E7F5-4870-BA24-3B57A1EF1EFD}.Debug|x64.ActiveCfg = Debug|x64
		{1859ECE7-E7F5-4870-BA24-3B57A1EF1EFD}.Debug|x64.Build.0 = Debug|x64
		{1859ECE7-E7F5-4870-BA24-3B57A1EF1EFD}.Debug|x86.ActiveCfg = Debug|Win32
		{1859ECE7-E7F5-4870-BA24-3B57A1EF1EFD}.Debug|x86.Build.0 = Debug|Win32
		{1859ECE7-E7F5-4870-BA24-3B57A1EF1EFD}.Release|x64.ActiveCfg = Release|x64
		{1859ECE7-E7F5-4870-BA24-3B57A1EF1EFD}.Release|x64.Build.0 = Release|x64
		{1859ECE7-E7F5-4870-BA24-3B57A1EF1EFD}.Release|x86.ActiveCfg = Release|Win32
		{1859ECE7-E7F5-4870-BA24-3B57A1EF1EFD}.Release|x86.Build.0 = Release|Win32
		{A8528ADC-200C-406E-8EC5-C85A88DD9E74}.Debug|x64.ActiveCfg = Debug|x64
		{A8528ADC-200C-406E-8EC5-C85A88DD9E74}.Debug|x64.Build.0 = Debug|x64
		{A8528ADC-200C-406E-8EC5-C85A88DD9E74}.Debug|x86.ActiveCfg = Debug|Win32
		{A8528ADC-200C-406E-8EC5-C85A88DD9E74}.Debug|x86.Build.0 = Debug|Win32
		{A8528ADC-200C-406E-8EC5-C85A88DD9E74}.Release|x64.ActiveCfg = Release|x64
		{A8528ADC-200C-406E-8EC5-C85A88DD9E74}.Release|x64.Build.0 = Release|x64
		{A8528ADC-200C-406E-8EC5-C85A88DD9E74}.Release|x86.ActiveCfg = Release|Win32
		{A8528ADC-200C-406E-8EC5-C85A88DD9E74}.Release|x86.Build.0 = Release|Win32
		{FCE50386-7107-4384-91D9-F5F143EB39C9}.Debug|x64.ActiveCfg = Debug|x64
		{FCE50386-7107-4384-91D9-F5F143EB39C9}.Debug|x64.Build.0 = Debug|x64
		{FCE50386-7107-4384-91D9-F5F143EB39C9}.Debug|x86.ActiveCfg = Debug|Win32
		{FCE50386-7107-4384-91D9-F5F143EB39C9}.Debug|x86.Build.0 = Debug|Win32
		{FCE50386-7107-4384-91D9-F5F143EB39C9}.Release|x64.ActiveCfg = Release|x64
		{FCE50386-7107-4384-91D9-F5F143EB39C9}.Release|x64.Build.0 = Release|x64
		{FCE50386-7107-4384-91D9-F5F143EB39C9}.Release|x86.ActiveCfg = Release|Win32
		{FCE50386-7107-4384-91D9-F5F143EB39C9}.Release|x86.Build.0 = Release|Win32
		{2287FC3C-10C5-4D04-9EBB-AE090BB68D24}.Debug|x64.ActiveCfg = Debug|x64
		{2287FC3C-10C5-4D04-9EBB-AE090BB68D24}.Debug|x64.Build.0 = Debug|x64
		{2287FC3C-10C5-4D04-9EBB-AE090BB68D24}.Debug|x86.ActiveCfg = Debug|Win32
		{2287FC3C-10C5-4D04-9EBB-AE090BB68D24}.Debug|x86.Build.0 = Debug|Win32
		{2287FC3C-10C5-4D04-9EBB-AE090BB68D24}.Release|x64.ActiveCfg = Release|x64
		{2287FC3C-10C5-4D04-9EBB-AE090BB68D24}.Release|x64.Build.0 = Release|x64
		{2287FC3C-10C5-4D04-9EBB-AE090BB68D24}.Release|x86.ActiveCfg = Release|Win32
		{2287FC3C-10C5-4D04-9EBB-AE090BB68D24}.Release|x86.Build.0 = Release|Win32
	EndGlobalSection
	GlobalSection(SolutionProperties) = preSolution
		HideSolutionNode = FALSE
	EndGlobalSection
	GlobalSection(ExtensibilityGlobals) = postSolution
		SolutionGuid = {25BF5B88-C43A-4CAC-9630-D4ECBCB211CD}
	EndGlobalSection
EndGlobal
