
Microsoft Visual Studio Solution File, Format Version 12.00
# Visual Studio 15
VisualStudioVersion = 15.0.28010.2026
MinimumVisualStudioVersion = 10.0.40219.1
Project("{8BC9CEB8-8B4A-11D0-8D11-00A0C91BC942}") = "TCPServer", "TCPServer\TCPServer.vcxproj", "{9C9A4632-28C8-4BCF-B656-DD58F55B5365}"
EndProject
Project("{8BC9CEB8-8B4A-11D0-8D11-00A0C91BC942}") = "MultithreadTCPServer", "MultithreadTCPServer\MultithreadTCPServer.vcxproj", "{7047B010-8F5C-4057-A44D-C7B54F6B2156}"
EndProject
Project("{8BC9CEB8-8B4A-11D0-8D11-00A0C91BC942}") = "ExEvent", "ExEvent\ExEvent.vcxproj", "{1859ECE7-E7F5-4870-BA24-3B57A1EF1EFD}"
EndProject
Project("{8BC9CEB8-8B4A-11D0-8D11-00A0C91BC942}") = "UDPServer", "UDPServer\UDPServer.vcxproj", "{A8528ADC-200C-406E-8EC5-C85A88DD9E74}"
EndProject
Project("{8BC9CEB8-8B4A-11D0-8D11-00A0C91BC942}") = "NonblockTCPServer", "NonblockTCPServer\NonblockTCPServer.vcxproj", "{FCE50386-7107-4384-91D9-F5F143EB39C9}"
EndProject
Project("{8BC9CEB8-8B4A-11D0-8D11-00A0C91BC942}") = "AsyncSelectTCPServer", "AsyncSelectTCPServer\AsyncSelectTCPServer.vcxproj", "{2287FC3C-10C5-4D04-9EBB-AE090BB68D24}"
EndProject
Project("{8BC9CEB8-8B4A-11D0-8D11-00A0C91BC942}") = "MoveTestServer", "MoveTest\MoveTest.vcxproj", "{0EFB4CA5-E27E-4729-861A-A72B45DAEE0E}"
EndProject
Project("{8BC9CEB8-8B4A-11D0-8D11-00A0C91BC942}") = "ChessServer", "ChessServer\ChessServer.vcxproj", "{D4495EFD-6933-4251-84AB-692A3CA07C3A}"
EndProject
Project("{8BC9CEB8-8B4A-11D0-8D11-00A0C91BC942}") = "OverlappedModel", "OverlappedModel\OverlappedModel.vcxproj", "{8601FBE8-3152-46A2-AC4A-24AFEF015D2B}"
EndProject
Project("{8BC9CEB8-8B4A-11D0-8D11-00A0C91BC942}") = "CompletionPortTCPServer", "CompletionPortTCPServer\CompletionPortTCPServer.vcxproj", "{AB0ED53B-EF82-4EC9-8A41-238916C52216}"
EndProject
Project("{8BC9CEB8-8B4A-11D0-8D11-00A0C91BC942}") = "CatchMindServer", "CatchMindServer\CatchMindServer.vcxproj", "{5C4B8135-A032-4D13-AB25-CB3F0CA272FC}"
EndProject
Project("{8BC9CEB8-8B4A-11D0-8D11-00A0C91BC942}") = "IOCompletionPortServer", "IOCompletionPortServer\IOCompletionPortServer.vcxproj", "{98D8BEB4-0245-471B-AF3A-CC8280BD5CD7}"
EndProject
Global
	GlobalSection(SolutionConfigurationPlatforms) = preSolution
		Debug|x64 = Debug|x64
		Debug|x86 = Debug|x86
		Release|x64 = Release|x64
		Release|x86 = Release|x86
	EndGlobalSection
	GlobalSection(ProjectConfigurationPlatforms) = postSolution
		{9C9A4632-28C8-4BCF-B656-DD58F55B5365}.Debug|x64.ActiveCfg = Debug|x64
		{9C9A4632-28C8-4BCF-B656-DD58F55B5365}.Debug|x64.Build.0 = Debug|x64
		{9C9A4632-28C8-4BCF-B656-DD58F55B5365}.Debug|x86.ActiveCfg = Debug|Win32
		{9C9A4632-28C8-4BCF-B656-DD58F55B5365}.Debug|x86.Build.0 = Debug|Win32
		{9C9A4632-28C8-4BCF-B656-DD58F55B5365}.Release|x64.ActiveCfg = Release|x64
		{9C9A4632-28C8-4BCF-B656-DD58F55B5365}.Release|x64.Build.0 = Release|x64
		{9C9A4632-28C8-4BCF-B656-DD58F55B5365}.Release|x86.ActiveCfg = Release|Win32
		{9C9A4632-28C8-4BCF-B656-DD58F55B5365}.Release|x86.Build.0 = Release|Win32
		{7047B010-8F5C-4057-A44D-C7B54F6B2156}.Debug|x64.ActiveCfg = Debug|x64
		{7047B010-8F5C-4057-A44D-C7B54F6B2156}.Debug|x64.Build.0 = Debug|x64
		{7047B010-8F5C-4057-A44D-C7B54F6B2156}.Debug|x86.ActiveCfg = Debug|Win32
		{7047B010-8F5C-4057-A44D-C7B54F6B2156}.Debug|x86.Build.0 = Debug|Win32
		{7047B010-8F5C-4057-A44D-C7B54F6B2156}.Release|x64.ActiveCfg = Release|x64
		{7047B010-8F5C-4057-A44D-C7B54F6B2156}.Release|x64.Build.0 = Release|x64
		{7047B010-8F5C-4057-A44D-C7B54F6B2156}.Release|x86.ActiveCfg = Release|Win32
		{7047B010-8F5C-4057-A44D-C7B54F6B2156}.Release|x86.Build.0 = Release|Win32
		{1859ECE7-E7F5-4870-BA24-3B57A1EF1EFD}.Debug|x64.ActiveCfg = Debug|x64
		{1859ECE7-E7F5-4870-BA24-3B57A1EF1EFD}.Debug|x64.Build.0 = Debug|x64
		{1859ECE7-E7F5-4870-BA24-3B57A1EF1EFD}.Debug|x86.ActiveCfg = Debug|Win32
		{1859ECE7-E7F5-4870-BA24-3B57A1EF1EFD}.Debug|x86.Build.0 = Debug|Win32
		{1859ECE7-E7F5-4870-BA24-3B57A1EF1EFD}.Release|x64.ActiveCfg = Release|x64
		{1859ECE7-E7F5-4870-BA24-3B57A1EF1EFD}.Release|x64.Build.0 = Release|x64
		{1859ECE7-E7F5-4870-BA24-3B57A1EF1EFD}.Release|x86.ActiveCfg = Release|Win32
		{1859ECE7-E7F5-4870-BA24-3B57A1EF1EFD}.Release|x86.Build.0 = Release|Win32
		{A8528ADC-200C-406E-8EC5-C85A88DD9E74}.Debug|x64.ActiveCfg = Debug|x64
		{A8528ADC-200C-406E-8EC5-C85A88DD9E74}.Debug|x64.Build.0 = Debug|x64
		{A8528ADC-200C-406E-8EC5-C85A88DD9E74}.Debug|x86.ActiveCfg = Debug|Win32
		{A8528ADC-200C-406E-8EC5-C85A88DD9E74}.Debug|x86.Build.0 = Debug|Win32
		{A8528ADC-200C-406E-8EC5-C85A88DD9E74}.Release|x64.ActiveCfg = Release|x64
		{A8528ADC-200C-406E-8EC5-C85A88DD9E74}.Release|x64.Build.0 = Release|x64
		{A8528ADC-200C-406E-8EC5-C85A88DD9E74}.Release|x86.ActiveCfg = Release|Win32
		{A8528ADC-200C-406E-8EC5-C85A88DD9E74}.Release|x86.Build.0 = Release|Win32
		{FCE50386-7107-4384-91D9-F5F143EB39C9}.Debug|x64.ActiveCfg = Debug|x64
		{FCE50386-7107-4384-91D9-F5F143EB39C9}.Debug|x64.Build.0 = Debug|x64
		{FCE50386-7107-4384-91D9-F5F143EB39C9}.Debug|x86.ActiveCfg = Debug|Win32
		{FCE50386-7107-4384-91D9-F5F143EB39C9}.Debug|x86.Build.0 = Debug|Win32
		{FCE50386-7107-4384-91D9-F5F143EB39C9}.Release|x64.ActiveCfg = Release|x64
		{FCE50386-7107-4384-91D9-F5F143EB39C9}.Release|x64.Build.0 = Release|x64
		{FCE50386-7107-4384-91D9-F5F143EB39C9}.Release|x86.ActiveCfg = Release|Win32
		{FCE50386-7107-4384-91D9-F5F143EB39C9}.Release|x86.Build.0 = Release|Win32
		{2287FC3C-10C5-4D04-9EBB-AE090BB68D24}.Debug|x64.ActiveCfg = Debug|x64
		{2287FC3C-10C5-4D04-9EBB-AE090BB68D24}.Debug|x64.Build.0 = Debug|x64
		{2287FC3C-10C5-4D04-9EBB-AE090BB68D24}.Debug|x86.ActiveCfg = Debug|Win32
		{2287FC3C-10C5-4D04-9EBB-AE090BB68D24}.Debug|x86.Build.0 = Debug|Win32
		{2287FC3C-10C5-4D04-9EBB-AE090BB68D24}.Release|x64.ActiveCfg = Release|x64
		{2287FC3C-10C5-4D04-9EBB-AE090BB68D24}.Release|x64.Build.0 = Release|x64
		{2287FC3C-10C5-4D04-9EBB-AE090BB68D24}.Release|x86.ActiveCfg = Release|Win32
		{2287FC3C-10C5-4D04-9EBB-AE090BB68D24}.Release|x86.Build.0 = Release|Win32
		{0EFB4CA5-E27E-4729-861A-A72B45DAEE0E}.Debug|x64.ActiveCfg = Debug|x64
		{0EFB4CA5-E27E-4729-861A-A72B45DAEE0E}.Debug|x64.Build.0 = Debug|x64
		{0EFB4CA5-E27E-4729-861A-A72B45DAEE0E}.Debug|x86.ActiveCfg = Debug|Win32
		{0EFB4CA5-E27E-4729-861A-A72B45DAEE0E}.Debug|x86.Build.0 = Debug|Win32
		{0EFB4CA5-E27E-4729-861A-A72B45DAEE0E}.Release|x64.ActiveCfg = Release|x64
		{0EFB4CA5-E27E-4729-861A-A72B45DAEE0E}.Release|x64.Build.0 = Release|x64
		{0EFB4CA5-E27E-4729-861A-A72B45DAEE0E}.Release|x86.ActiveCfg = Release|Win32
		{0EFB4CA5-E27E-4729-861A-A72B45DAEE0E}.Release|x86.Build.0 = Release|Win32
		{D4495EFD-6933-4251-84AB-692A3CA07C3A}.Debug|x64.ActiveCfg = Debug|x64
		{D4495EFD-6933-4251-84AB-692A3CA07C3A}.Debug|x64.Build.0 = Debug|x64
		{D4495EFD-6933-4251-84AB-692A3CA07C3A}.Debug|x86.ActiveCfg = Debug|Win32
		{D4495EFD-6933-4251-84AB-692A3CA07C3A}.Debug|x86.Build.0 = Debug|Win32
		{D4495EFD-6933-4251-84AB-692A3CA07C3A}.Release|x64.ActiveCfg = Release|x64
		{D4495EFD-6933-4251-84AB-692A3CA07C3A}.Release|x64.Build.0 = Release|x64
		{D4495EFD-6933-4251-84AB-692A3CA07C3A}.Release|x86.ActiveCfg = Release|Win32
		{D4495EFD-6933-4251-84AB-692A3CA07C3A}.Release|x86.Build.0 = Release|Win32
		{8601FBE8-3152-46A2-AC4A-24AFEF015D2B}.Debug|x64.ActiveCfg = Debug|x64
		{8601FBE8-3152-46A2-AC4A-24AFEF015D2B}.Debug|x64.Build.0 = Debug|x64
		{8601FBE8-3152-46A2-AC4A-24AFEF015D2B}.Debug|x86.ActiveCfg = Debug|Win32
		{8601FBE8-3152-46A2-AC4A-24AFEF015D2B}.Debug|x86.Build.0 = Debug|Win32
		{8601FBE8-3152-46A2-AC4A-24AFEF015D2B}.Release|x64.ActiveCfg = Release|x64
		{8601FBE8-3152-46A2-AC4A-24AFEF015D2B}.Release|x64.Build.0 = Release|x64
		{8601FBE8-3152-46A2-AC4A-24AFEF015D2B}.Release|x86.ActiveCfg = Release|Win32
		{8601FBE8-3152-46A2-AC4A-24AFEF015D2B}.Release|x86.Build.0 = Release|Win32
		{AB0ED53B-EF82-4EC9-8A41-238916C52216}.Debug|x64.ActiveCfg = Debug|x64
		{AB0ED53B-EF82-4EC9-8A41-238916C52216}.Debug|x64.Build.0 = Debug|x64
		{AB0ED53B-EF82-4EC9-8A41-238916C52216}.Debug|x86.ActiveCfg = Debug|Win32
		{AB0ED53B-EF82-4EC9-8A41-238916C52216}.Debug|x86.Build.0 = Debug|Win32
		{AB0ED53B-EF82-4EC9-8A41-238916C52216}.Release|x64.ActiveCfg = Release|x64
		{AB0ED53B-EF82-4EC9-8A41-238916C52216}.Release|x64.Build.0 = Release|x64
		{AB0ED53B-EF82-4EC9-8A41-238916C52216}.Release|x86.ActiveCfg = Release|Win32
		{AB0ED53B-EF82-4EC9-8A41-238916C52216}.Release|x86.Build.0 = Release|Win32
		{5C4B8135-A032-4D13-AB25-CB3F0CA272FC}.Debug|x64.ActiveCfg = Debug|x64
		{5C4B8135-A032-4D13-AB25-CB3F0CA272FC}.Debug|x64.Build.0 = Debug|x64
		{5C4B8135-A032-4D13-AB25-CB3F0CA272FC}.Debug|x86.ActiveCfg = Debug|Win32
		{5C4B8135-A032-4D13-AB25-CB3F0CA272FC}.Debug|x86.Build.0 = Debug|Win32
		{5C4B8135-A032-4D13-AB25-CB3F0CA272FC}.Release|x64.ActiveCfg = Release|x64
		{5C4B8135-A032-4D13-AB25-CB3F0CA272FC}.Release|x64.Build.0 = Release|x64
		{5C4B8135-A032-4D13-AB25-CB3F0CA272FC}.Release|x86.ActiveCfg = Release|Win32
		{5C4B8135-A032-4D13-AB25-CB3F0CA272FC}.Release|x86.Build.0 = Release|Win32
		{98D8BEB4-0245-471B-AF3A-CC8280BD5CD7}.Debug|x64.ActiveCfg = Debug|x64
		{98D8BEB4-0245-471B-AF3A-CC8280BD5CD7}.Debug|x64.Build.0 = Debug|x64
		{98D8BEB4-0245-471B-AF3A-CC8280BD5CD7}.Debug|x86.ActiveCfg = Debug|Win32
		{98D8BEB4-0245-471B-AF3A-CC8280BD5CD7}.Debug|x86.Build.0 = Debug|Win32
		{98D8BEB4-0245-471B-AF3A-CC8280BD5CD7}.Release|x64.ActiveCfg = Release|x64
		{98D8BEB4-0245-471B-AF3A-CC8280BD5CD7}.Release|x64.Build.0 = Release|x64
		{98D8BEB4-0245-471B-AF3A-CC8280BD5CD7}.Release|x86.ActiveCfg = Release|Win32
		{98D8BEB4-0245-471B-AF3A-CC8280BD5CD7}.Release|x86.Build.0 = Release|Win32
	EndGlobalSection
	GlobalSection(SolutionProperties) = preSolution
		HideSolutionNode = FALSE
	EndGlobalSection
	GlobalSection(ExtensibilityGlobals) = postSolution
		SolutionGuid = {25BF5B88-C43A-4CAC-9630-D4ECBCB211CD}
	EndGlobalSection
EndGlobal
