
Microsoft Visual Studio Solution File, Format Version 12.00
# Visual Studio 15
VisualStudioVersion = 15.0.28010.2026
MinimumVisualStudioVersion = 10.0.40219.1
Project("{8BC9CEB8-8B4A-11D0-8D11-00A0C91BC942}") = "Test", "Test\Test.vcxproj", "{4D93A7D4-2503-4B9D-AC56-CE288B4850B2}"
EndProject
Project("{8BC9CEB8-8B4A-11D0-8D11-00A0C91BC942}") = "ClassTest", "ClassTest\ClassTest.vcxproj", "{A596BF44-2A34-4C6F-BD5B-4C33106D0E16}"
EndProject
Project("{8BC9CEB8-8B4A-11D0-8D11-00A0C91BC942}") = "CppMain", "CppMain\CppMain.vcxproj", "{DD96EFF5-A8B6-4A81-9257-C3E194874CFB}"
EndProject
Project("{8BC9CEB8-8B4A-11D0-8D11-00A0C91BC942}") = "String", "String\String.vcxproj", "{5EB2612A-225F-47D0-83C2-86335C7B11B5}"
EndProject
Project("{8BC9CEB8-8B4A-11D0-8D11-00A0C91BC942}") = "SnakeGame", "SnakeGame\SnakeGame.vcxproj", "{B85C63D4-3A2C-4A59-AE17-BD44E5C6F3E6}"
EndProject
Project("{8BC9CEB8-8B4A-11D0-8D11-00A0C91BC942}") = "TempleteTest", "TempleteTest\TempleteTest.vcxproj", "{7758ACF2-923E-4339-A56E-E8483F0F0BC6}"
EndProject
Project("{8BC9CEB8-8B4A-11D0-8D11-00A0C91BC942}") = "Vector", "Vector\Vector.vcxproj", "{40D3EC37-96D4-4B7A-BA91-9BF37374EA2D}"
EndProject
Project("{8BC9CEB8-8B4A-11D0-8D11-00A0C91BC942}") = "Map", "Map\Map.vcxproj", "{C438986E-145F-438D-BD99-6385D0E8D449}"
EndProject
Project("{8BC9CEB8-8B4A-11D0-8D11-00A0C91BC942}") = "Inheritance", "Inheritance\Inheritance.vcxproj", "{3ED90512-AD00-412E-9EA5-FDC9DEF20C5D}"
EndProject
Project("{8BC9CEB8-8B4A-11D0-8D11-00A0C91BC942}") = "SingletonPattern", "SingletonPattern\SingletonPattern.vcxproj", "{6DC47D15-A70B-467F-BBDE-AF9DC15CF4AE}"
EndProject
Project("{8BC9CEB8-8B4A-11D0-8D11-00A0C91BC942}") = "MapEditor", "MapEditor\MapEditor.vcxproj", "{3D58CA11-4476-4EA3-ADA2-DFB24228081B}"
EndProject
Project("{8BC9CEB8-8B4A-11D0-8D11-00A0C91BC942}") = "MyGame", "MyGame\MyGame.vcxproj", "{5B07BEB7-B1FF-48E9-AE1E-3C8A2A81B74F}"
EndProject
Project("{8BC9CEB8-8B4A-11D0-8D11-00A0C91BC942}") = "Engine", "Engine\Engine.vcxproj", "{0F651082-3506-49F1-B255-2CE020A3C3CC}"
EndProject
Project("{8BC9CEB8-8B4A-11D0-8D11-00A0C91BC942}") = "OperatorOverloading", "OperatorOverloading\OperatorOverloading.vcxproj", "{8B0C332E-3F8E-4194-9EEA-7D97FE6C34EB}"
EndProject
Project("{8BC9CEB8-8B4A-11D0-8D11-00A0C91BC942}") = "FunctionPointer", "FunctionPointer\FunctionPointer.vcxproj", "{F0A12C87-093B-4E50-B049-0946F194DAD8}"
EndProject
Project("{8BC9CEB8-8B4A-11D0-8D11-00A0C91BC942}") = "Template", "Template\Template.vcxproj", "{1214C84F-A5E3-47A7-9742-2B002539B409}"
EndProject
Project("{8BC9CEB8-8B4A-11D0-8D11-00A0C91BC942}") = "STL", "STL\STL.vcxproj", "{548BFBEA-1205-43D9-AAD1-C793DC9F5E28}"
EndProject
Project("{8BC9CEB8-8B4A-11D0-8D11-00A0C91BC942}") = "Algorithms", "Algorithms\Algorithms.vcxproj", "{462F4875-7FF2-45B7-B676-5450260A1CF9}"
EndProject
Project("{8BC9CEB8-8B4A-11D0-8D11-00A0C91BC942}") = "Stack", "Stack\Stack.vcxproj", "{9AABB591-1F55-4A69-88F0-21C992E84315}"
EndProject
Project("{8BC9CEB8-8B4A-11D0-8D11-00A0C91BC942}") = "ReverseIterator", "ReverseIterator\ReverseIterator.vcxproj", "{0D4383FE-E1A3-435B-9D54-BF2799F48229}"
EndProject
Project("{8BC9CEB8-8B4A-11D0-8D11-00A0C91BC942}") = "SmartPointer", "SmartPointer\SmartPointer.vcxproj", "{633A244A-9D38-48A5-AF00-ED8107CFCB4C}"
EndProject
Project("{8BC9CEB8-8B4A-11D0-8D11-00A0C91BC942}") = "Deque", "Deque\Deque.vcxproj", "{FCB4143A-D901-4E9E-8456-5310B8E52AAC}"
EndProject
Project("{8BC9CEB8-8B4A-11D0-8D11-00A0C91BC942}") = "List", "List\List.vcxproj", "{D3B6DFC2-A375-4F62-ABD0-4DAF5203DAF4}"
EndProject
Project("{8BC9CEB8-8B4A-11D0-8D11-00A0C91BC942}") = "Set", "Set\Set.vcxproj", "{D3010AE5-DF4D-47DC-9ABB-2669856F095F}"
EndProject
Project("{8BC9CEB8-8B4A-11D0-8D11-00A0C91BC942}") = "ElevatorSimulator", "Elevator\Elevator.vcxproj", "{FE687A58-5E76-45C6-85F2-718D3970C7B6}"
EndProject
Project("{8BC9CEB8-8B4A-11D0-8D11-00A0C91BC942}") = "Distance", "Distance\Distance.vcxproj", "{294491CC-D4AB-4F37-923D-F10153069943}"
EndProject
Global
	GlobalSection(SolutionConfigurationPlatforms) = preSolution
		Debug|x64 = Debug|x64
		Debug|x86 = Debug|x86
		Release|x64 = Release|x64
		Release|x86 = Release|x86
	EndGlobalSection
	GlobalSection(ProjectConfigurationPlatforms) = postSolution
		{4D93A7D4-2503-4B9D-AC56-CE288B4850B2}.Debug|x64.ActiveCfg = Debug|x64
		{4D93A7D4-2503-4B9D-AC56-CE288B4850B2}.Debug|x64.Build.0 = Debug|x64
		{4D93A7D4-2503-4B9D-AC56-CE288B4850B2}.Debug|x86.ActiveCfg = Debug|Win32
		{4D93A7D4-2503-4B9D-AC56-CE288B4850B2}.Debug|x86.Build.0 = Debug|Win32
		{4D93A7D4-2503-4B9D-AC56-CE288B4850B2}.Release|x64.ActiveCfg = Release|x64
		{4D93A7D4-2503-4B9D-AC56-CE288B4850B2}.Release|x64.Build.0 = Release|x64
		{4D93A7D4-2503-4B9D-AC56-CE288B4850B2}.Release|x86.ActiveCfg = Release|Win32
		{4D93A7D4-2503-4B9D-AC56-CE288B4850B2}.Release|x86.Build.0 = Release|Win32
		{A596BF44-2A34-4C6F-BD5B-4C33106D0E16}.Debug|x64.ActiveCfg = Debug|x64
		{A596BF44-2A34-4C6F-BD5B-4C33106D0E16}.Debug|x64.Build.0 = Debug|x64
		{A596BF44-2A34-4C6F-BD5B-4C33106D0E16}.Debug|x86.ActiveCfg = Debug|Win32
		{A596BF44-2A34-4C6F-BD5B-4C33106D0E16}.Debug|x86.Build.0 = Debug|Win32
		{A596BF44-2A34-4C6F-BD5B-4C33106D0E16}.Release|x64.ActiveCfg = Release|x64
		{A596BF44-2A34-4C6F-BD5B-4C33106D0E16}.Release|x64.Build.0 = Release|x64
		{A596BF44-2A34-4C6F-BD5B-4C33106D0E16}.Release|x86.ActiveCfg = Release|Win32
		{A596BF44-2A34-4C6F-BD5B-4C33106D0E16}.Release|x86.Build.0 = Release|Win32
		{DD96EFF5-A8B6-4A81-9257-C3E194874CFB}.Debug|x64.ActiveCfg = Debug|x64
		{DD96EFF5-A8B6-4A81-9257-C3E194874CFB}.Debug|x64.Build.0 = Debug|x64
		{DD96EFF5-A8B6-4A81-9257-C3E194874CFB}.Debug|x86.ActiveCfg = Debug|Win32
		{DD96EFF5-A8B6-4A81-9257-C3E194874CFB}.Debug|x86.Build.0 = Debug|Win32
		{DD96EFF5-A8B6-4A81-9257-C3E194874CFB}.Release|x64.ActiveCfg = Release|x64
		{DD96EFF5-A8B6-4A81-9257-C3E194874CFB}.Release|x64.Build.0 = Release|x64
		{DD96EFF5-A8B6-4A81-9257-C3E194874CFB}.Release|x86.ActiveCfg = Release|Win32
		{DD96EFF5-A8B6-4A81-9257-C3E194874CFB}.Release|x86.Build.0 = Release|Win32
		{5EB2612A-225F-47D0-83C2-86335C7B11B5}.Debug|x64.ActiveCfg = Debug|x64
		{5EB2612A-225F-47D0-83C2-86335C7B11B5}.Debug|x64.Build.0 = Debug|x64
		{5EB2612A-225F-47D0-83C2-86335C7B11B5}.Debug|x86.ActiveCfg = Debug|Win32
		{5EB2612A-225F-47D0-83C2-86335C7B11B5}.Debug|x86.Build.0 = Debug|Win32
		{5EB2612A-225F-47D0-83C2-86335C7B11B5}.Release|x64.ActiveCfg = Release|x64
		{5EB2612A-225F-47D0-83C2-86335C7B11B5}.Release|x64.Build.0 = Release|x64
		{5EB2612A-225F-47D0-83C2-86335C7B11B5}.Release|x86.ActiveCfg = Release|Win32
		{5EB2612A-225F-47D0-83C2-86335C7B11B5}.Release|x86.Build.0 = Release|Win32
		{B85C63D4-3A2C-4A59-AE17-BD44E5C6F3E6}.Debug|x64.ActiveCfg = Debug|x64
		{B85C63D4-3A2C-4A59-AE17-BD44E5C6F3E6}.Debug|x64.Build.0 = Debug|x64
		{B85C63D4-3A2C-4A59-AE17-BD44E5C6F3E6}.Debug|x86.ActiveCfg = Debug|Win32
		{B85C63D4-3A2C-4A59-AE17-BD44E5C6F3E6}.Debug|x86.Build.0 = Debug|Win32
		{B85C63D4-3A2C-4A59-AE17-BD44E5C6F3E6}.Release|x64.ActiveCfg = Release|x64
		{B85C63D4-3A2C-4A59-AE17-BD44E5C6F3E6}.Release|x64.Build.0 = Release|x64
		{B85C63D4-3A2C-4A59-AE17-BD44E5C6F3E6}.Release|x86.ActiveCfg = Release|Win32
		{B85C63D4-3A2C-4A59-AE17-BD44E5C6F3E6}.Release|x86.Build.0 = Release|Win32
		{7758ACF2-923E-4339-A56E-E8483F0F0BC6}.Debug|x64.ActiveCfg = Debug|x64
		{7758ACF2-923E-4339-A56E-E8483F0F0BC6}.Debug|x64.Build.0 = Debug|x64
		{7758ACF2-923E-4339-A56E-E8483F0F0BC6}.Debug|x86.ActiveCfg = Debug|Win32
		{7758ACF2-923E-4339-A56E-E8483F0F0BC6}.Debug|x86.Build.0 = Debug|Win32
		{7758ACF2-923E-4339-A56E-E8483F0F0BC6}.Release|x64.ActiveCfg = Release|x64
		{7758ACF2-923E-4339-A56E-E8483F0F0BC6}.Release|x64.Build.0 = Release|x64
		{7758ACF2-923E-4339-A56E-E8483F0F0BC6}.Release|x86.ActiveCfg = Release|Win32
		{7758ACF2-923E-4339-A56E-E8483F0F0BC6}.Release|x86.Build.0 = Release|Win32
		{40D3EC37-96D4-4B7A-BA91-9BF37374EA2D}.Debug|x64.ActiveCfg = Debug|x64
		{40D3EC37-96D4-4B7A-BA91-9BF37374EA2D}.Debug|x64.Build.0 = Debug|x64
		{40D3EC37-96D4-4B7A-BA91-9BF37374EA2D}.Debug|x86.ActiveCfg = Debug|Win32
		{40D3EC37-96D4-4B7A-BA91-9BF37374EA2D}.Debug|x86.Build.0 = Debug|Win32
		{40D3EC37-96D4-4B7A-BA91-9BF37374EA2D}.Release|x64.ActiveCfg = Release|x64
		{40D3EC37-96D4-4B7A-BA91-9BF37374EA2D}.Release|x64.Build.0 = Release|x64
		{40D3EC37-96D4-4B7A-BA91-9BF37374EA2D}.Release|x86.ActiveCfg = Release|Win32
		{40D3EC37-96D4-4B7A-BA91-9BF37374EA2D}.Release|x86.Build.0 = Release|Win32
		{C438986E-145F-438D-BD99-6385D0E8D449}.Debug|x64.ActiveCfg = Debug|x64
		{C438986E-145F-438D-BD99-6385D0E8D449}.Debug|x64.Build.0 = Debug|x64
		{C438986E-145F-438D-BD99-6385D0E8D449}.Debug|x86.ActiveCfg = Debug|Win32
		{C438986E-145F-438D-BD99-6385D0E8D449}.Debug|x86.Build.0 = Debug|Win32
		{C438986E-145F-438D-BD99-6385D0E8D449}.Release|x64.ActiveCfg = Release|x64
		{C438986E-145F-438D-BD99-6385D0E8D449}.Release|x64.Build.0 = Release|x64
		{C438986E-145F-438D-BD99-6385D0E8D449}.Release|x86.ActiveCfg = Release|Win32
		{C438986E-145F-438D-BD99-6385D0E8D449}.Release|x86.Build.0 = Release|Win32
		{3ED90512-AD00-412E-9EA5-FDC9DEF20C5D}.Debug|x64.ActiveCfg = Debug|x64
		{3ED90512-AD00-412E-9EA5-FDC9DEF20C5D}.Debug|x64.Build.0 = Debug|x64
		{3ED90512-AD00-412E-9EA5-FDC9DEF20C5D}.Debug|x86.ActiveCfg = Debug|Win32
		{3ED90512-AD00-412E-9EA5-FDC9DEF20C5D}.Debug|x86.Build.0 = Debug|Win32
		{3ED90512-AD00-412E-9EA5-FDC9DEF20C5D}.Release|x64.ActiveCfg = Release|x64
		{3ED90512-AD00-412E-9EA5-FDC9DEF20C5D}.Release|x64.Build.0 = Release|x64
		{3ED90512-AD00-412E-9EA5-FDC9DEF20C5D}.Release|x86.ActiveCfg = Release|Win32
		{3ED90512-AD00-412E-9EA5-FDC9DEF20C5D}.Release|x86.Build.0 = Release|Win32
		{6DC47D15-A70B-467F-BBDE-AF9DC15CF4AE}.Debug|x64.ActiveCfg = Debug|x64
		{6DC47D15-A70B-467F-BBDE-AF9DC15CF4AE}.Debug|x64.Build.0 = Debug|x64
		{6DC47D15-A70B-467F-BBDE-AF9DC15CF4AE}.Debug|x86.ActiveCfg = Debug|Win32
		{6DC47D15-A70B-467F-BBDE-AF9DC15CF4AE}.Debug|x86.Build.0 = Debug|Win32
		{6DC47D15-A70B-467F-BBDE-AF9DC15CF4AE}.Release|x64.ActiveCfg = Release|x64
		{6DC47D15-A70B-467F-BBDE-AF9DC15CF4AE}.Release|x64.Build.0 = Release|x64
		{6DC47D15-A70B-467F-BBDE-AF9DC15CF4AE}.Release|x86.ActiveCfg = Release|Win32
		{6DC47D15-A70B-467F-BBDE-AF9DC15CF4AE}.Release|x86.Build.0 = Release|Win32
		{3D58CA11-4476-4EA3-ADA2-DFB24228081B}.Debug|x64.ActiveCfg = Debug|x64
		{3D58CA11-4476-4EA3-ADA2-DFB24228081B}.Debug|x64.Build.0 = Debug|x64
		{3D58CA11-4476-4EA3-ADA2-DFB24228081B}.Debug|x86.ActiveCfg = Debug|Win32
		{3D58CA11-4476-4EA3-ADA2-DFB24228081B}.Debug|x86.Build.0 = Debug|Win32
		{3D58CA11-4476-4EA3-ADA2-DFB24228081B}.Release|x64.ActiveCfg = Release|x64
		{3D58CA11-4476-4EA3-ADA2-DFB24228081B}.Release|x64.Build.0 = Release|x64
		{3D58CA11-4476-4EA3-ADA2-DFB24228081B}.Release|x86.ActiveCfg = Release|Win32
		{3D58CA11-4476-4EA3-ADA2-DFB24228081B}.Release|x86.Build.0 = Release|Win32
		{5B07BEB7-B1FF-48E9-AE1E-3C8A2A81B74F}.Debug|x64.ActiveCfg = Debug|x64
		{5B07BEB7-B1FF-48E9-AE1E-3C8A2A81B74F}.Debug|x64.Build.0 = Debug|x64
		{5B07BEB7-B1FF-48E9-AE1E-3C8A2A81B74F}.Debug|x86.ActiveCfg = Debug|Win32
		{5B07BEB7-B1FF-48E9-AE1E-3C8A2A81B74F}.Debug|x86.Build.0 = Debug|Win32
		{5B07BEB7-B1FF-48E9-AE1E-3C8A2A81B74F}.Release|x64.ActiveCfg = Release|x64
		{5B07BEB7-B1FF-48E9-AE1E-3C8A2A81B74F}.Release|x64.Build.0 = Release|x64
		{5B07BEB7-B1FF-48E9-AE1E-3C8A2A81B74F}.Release|x86.ActiveCfg = Release|Win32
		{5B07BEB7-B1FF-48E9-AE1E-3C8A2A81B74F}.Release|x86.Build.0 = Release|Win32
		{0F651082-3506-49F1-B255-2CE020A3C3CC}.Debug|x64.ActiveCfg = Debug|x64
		{0F651082-3506-49F1-B255-2CE020A3C3CC}.Debug|x64.Build.0 = Debug|x64
		{0F651082-3506-49F1-B255-2CE020A3C3CC}.Debug|x86.ActiveCfg = Debug|Win32
		{0F651082-3506-49F1-B255-2CE020A3C3CC}.Debug|x86.Build.0 = Debug|Win32
		{0F651082-3506-49F1-B255-2CE020A3C3CC}.Release|x64.ActiveCfg = Release|x64
		{0F651082-3506-49F1-B255-2CE020A3C3CC}.Release|x64.Build.0 = Release|x64
		{0F651082-3506-49F1-B255-2CE020A3C3CC}.Release|x86.ActiveCfg = Release|Win32
		{0F651082-3506-49F1-B255-2CE020A3C3CC}.Release|x86.Build.0 = Release|Win32
		{8B0C332E-3F8E-4194-9EEA-7D97FE6C34EB}.Debug|x64.ActiveCfg = Debug|x64
		{8B0C332E-3F8E-4194-9EEA-7D97FE6C34EB}.Debug|x64.Build.0 = Debug|x64
		{8B0C332E-3F8E-4194-9EEA-7D97FE6C34EB}.Debug|x86.ActiveCfg = Debug|Win32
		{8B0C332E-3F8E-4194-9EEA-7D97FE6C34EB}.Debug|x86.Build.0 = Debug|Win32
		{8B0C332E-3F8E-4194-9EEA-7D97FE6C34EB}.Release|x64.ActiveCfg = Release|x64
		{8B0C332E-3F8E-4194-9EEA-7D97FE6C34EB}.Release|x64.Build.0 = Release|x64
		{8B0C332E-3F8E-4194-9EEA-7D97FE6C34EB}.Release|x86.ActiveCfg = Release|Win32
		{8B0C332E-3F8E-4194-9EEA-7D97FE6C34EB}.Release|x86.Build.0 = Release|Win32
		{F0A12C87-093B-4E50-B049-0946F194DAD8}.Debug|x64.ActiveCfg = Debug|x64
		{F0A12C87-093B-4E50-B049-0946F194DAD8}.Debug|x64.Build.0 = Debug|x64
		{F0A12C87-093B-4E50-B049-0946F194DAD8}.Debug|x86.ActiveCfg = Debug|Win32
		{F0A12C87-093B-4E50-B049-0946F194DAD8}.Debug|x86.Build.0 = Debug|Win32
		{F0A12C87-093B-4E50-B049-0946F194DAD8}.Release|x64.ActiveCfg = Release|x64
		{F0A12C87-093B-4E50-B049-0946F194DAD8}.Release|x64.Build.0 = Release|x64
		{F0A12C87-093B-4E50-B049-0946F194DAD8}.Release|x86.ActiveCfg = Release|Win32
		{F0A12C87-093B-4E50-B049-0946F194DAD8}.Release|x86.Build.0 = Release|Win32
		{1214C84F-A5E3-47A7-9742-2B002539B409}.Debug|x64.ActiveCfg = Debug|x64
		{1214C84F-A5E3-47A7-9742-2B002539B409}.Debug|x64.Build.0 = Debug|x64
		{1214C84F-A5E3-47A7-9742-2B002539B409}.Debug|x86.ActiveCfg = Debug|Win32
		{1214C84F-A5E3-47A7-9742-2B002539B409}.Debug|x86.Build.0 = Debug|Win32
		{1214C84F-A5E3-47A7-9742-2B002539B409}.Release|x64.ActiveCfg = Release|x64
		{1214C84F-A5E3-47A7-9742-2B002539B409}.Release|x64.Build.0 = Release|x64
		{1214C84F-A5E3-47A7-9742-2B002539B409}.Release|x86.ActiveCfg = Release|Win32
		{1214C84F-A5E3-47A7-9742-2B002539B409}.Release|x86.Build.0 = Release|Win32
		{548BFBEA-1205-43D9-AAD1-C793DC9F5E28}.Debug|x64.ActiveCfg = Debug|x64
		{548BFBEA-1205-43D9-AAD1-C793DC9F5E28}.Debug|x64.Build.0 = Debug|x64
		{548BFBEA-1205-43D9-AAD1-C793DC9F5E28}.Debug|x86.ActiveCfg = Debug|Win32
		{548BFBEA-1205-43D9-AAD1-C793DC9F5E28}.Debug|x86.Build.0 = Debug|Win32
		{548BFBEA-1205-43D9-AAD1-C793DC9F5E28}.Release|x64.ActiveCfg = Release|x64
		{548BFBEA-1205-43D9-AAD1-C793DC9F5E28}.Release|x64.Build.0 = Release|x64
		{548BFBEA-1205-43D9-AAD1-C793DC9F5E28}.Release|x86.ActiveCfg = Release|Win32
		{548BFBEA-1205-43D9-AAD1-C793DC9F5E28}.Release|x86.Build.0 = Release|Win32
		{462F4875-7FF2-45B7-B676-5450260A1CF9}.Debug|x64.ActiveCfg = Debug|x64
		{462F4875-7FF2-45B7-B676-5450260A1CF9}.Debug|x64.Build.0 = Debug|x64
		{462F4875-7FF2-45B7-B676-5450260A1CF9}.Debug|x86.ActiveCfg = Debug|Win32
		{462F4875-7FF2-45B7-B676-5450260A1CF9}.Debug|x86.Build.0 = Debug|Win32
		{462F4875-7FF2-45B7-B676-5450260A1CF9}.Release|x64.ActiveCfg = Release|x64
		{462F4875-7FF2-45B7-B676-5450260A1CF9}.Release|x64.Build.0 = Release|x64
		{462F4875-7FF2-45B7-B676-5450260A1CF9}.Release|x86.ActiveCfg = Release|Win32
		{462F4875-7FF2-45B7-B676-5450260A1CF9}.Release|x86.Build.0 = Release|Win32
		{9AABB591-1F55-4A69-88F0-21C992E84315}.Debug|x64.ActiveCfg = Debug|x64
		{9AABB591-1F55-4A69-88F0-21C992E84315}.Debug|x64.Build.0 = Debug|x64
		{9AABB591-1F55-4A69-88F0-21C992E84315}.Debug|x86.ActiveCfg = Debug|Win32
		{9AABB591-1F55-4A69-88F0-21C992E84315}.Debug|x86.Build.0 = Debug|Win32
		{9AABB591-1F55-4A69-88F0-21C992E84315}.Release|x64.ActiveCfg = Release|x64
		{9AABB591-1F55-4A69-88F0-21C992E84315}.Release|x64.Build.0 = Release|x64
		{9AABB591-1F55-4A69-88F0-21C992E84315}.Release|x86.ActiveCfg = Release|Win32
		{9AABB591-1F55-4A69-88F0-21C992E84315}.Release|x86.Build.0 = Release|Win32
		{0D4383FE-E1A3-435B-9D54-BF2799F48229}.Debug|x64.ActiveCfg = Debug|x64
		{0D4383FE-E1A3-435B-9D54-BF2799F48229}.Debug|x64.Build.0 = Debug|x64
		{0D4383FE-E1A3-435B-9D54-BF2799F48229}.Debug|x86.ActiveCfg = Debug|Win32
		{0D4383FE-E1A3-435B-9D54-BF2799F48229}.Debug|x86.Build.0 = Debug|Win32
		{0D4383FE-E1A3-435B-9D54-BF2799F48229}.Release|x64.ActiveCfg = Release|x64
		{0D4383FE-E1A3-435B-9D54-BF2799F48229}.Release|x64.Build.0 = Release|x64
		{0D4383FE-E1A3-435B-9D54-BF2799F48229}.Release|x86.ActiveCfg = Release|Win32
		{0D4383FE-E1A3-435B-9D54-BF2799F48229}.Release|x86.Build.0 = Release|Win32
		{633A244A-9D38-48A5-AF00-ED8107CFCB4C}.Debug|x64.ActiveCfg = Debug|x64
		{633A244A-9D38-48A5-AF00-ED8107CFCB4C}.Debug|x64.Build.0 = Debug|x64
		{633A244A-9D38-48A5-AF00-ED8107CFCB4C}.Debug|x86.ActiveCfg = Debug|Win32
		{633A244A-9D38-48A5-AF00-ED8107CFCB4C}.Debug|x86.Build.0 = Debug|Win32
		{633A244A-9D38-48A5-AF00-ED8107CFCB4C}.Release|x64.ActiveCfg = Release|x64
		{633A244A-9D38-48A5-AF00-ED8107CFCB4C}.Release|x64.Build.0 = Release|x64
		{633A244A-9D38-48A5-AF00-ED8107CFCB4C}.Release|x86.ActiveCfg = Release|Win32
		{633A244A-9D38-48A5-AF00-ED8107CFCB4C}.Release|x86.Build.0 = Release|Win32
		{FCB4143A-D901-4E9E-8456-5310B8E52AAC}.Debug|x64.ActiveCfg = Debug|x64
		{FCB4143A-D901-4E9E-8456-5310B8E52AAC}.Debug|x64.Build.0 = Debug|x64
		{FCB4143A-D901-4E9E-8456-5310B8E52AAC}.Debug|x86.ActiveCfg = Debug|Win32
		{FCB4143A-D901-4E9E-8456-5310B8E52AAC}.Debug|x86.Build.0 = Debug|Win32
		{FCB4143A-D901-4E9E-8456-5310B8E52AAC}.Release|x64.ActiveCfg = Release|x64
		{FCB4143A-D901-4E9E-8456-5310B8E52AAC}.Release|x64.Build.0 = Release|x64
		{FCB4143A-D901-4E9E-8456-5310B8E52AAC}.Release|x86.ActiveCfg = Release|Win32
		{FCB4143A-D901-4E9E-8456-5310B8E52AAC}.Release|x86.Build.0 = Release|Win32
		{D3B6DFC2-A375-4F62-ABD0-4DAF5203DAF4}.Debug|x64.ActiveCfg = Debug|x64
		{D3B6DFC2-A375-4F62-ABD0-4DAF5203DAF4}.Debug|x64.Build.0 = Debug|x64
		{D3B6DFC2-A375-4F62-ABD0-4DAF5203DAF4}.Debug|x86.ActiveCfg = Debug|Win32
		{D3B6DFC2-A375-4F62-ABD0-4DAF5203DAF4}.Debug|x86.Build.0 = Debug|Win32
		{D3B6DFC2-A375-4F62-ABD0-4DAF5203DAF4}.Release|x64.ActiveCfg = Release|x64
		{D3B6DFC2-A375-4F62-ABD0-4DAF5203DAF4}.Release|x64.Build.0 = Release|x64
		{D3B6DFC2-A375-4F62-ABD0-4DAF5203DAF4}.Release|x86.ActiveCfg = Release|Win32
		{D3B6DFC2-A375-4F62-ABD0-4DAF5203DAF4}.Release|x86.Build.0 = Release|Win32
		{D3010AE5-DF4D-47DC-9ABB-2669856F095F}.Debug|x64.ActiveCfg = Debug|x64
		{D3010AE5-DF4D-47DC-9ABB-2669856F095F}.Debug|x64.Build.0 = Debug|x64
		{D3010AE5-DF4D-47DC-9ABB-2669856F095F}.Debug|x86.ActiveCfg = Debug|Win32
		{D3010AE5-DF4D-47DC-9ABB-2669856F095F}.Debug|x86.Build.0 = Debug|Win32
		{D3010AE5-DF4D-47DC-9ABB-2669856F095F}.Release|x64.ActiveCfg = Release|x64
		{D3010AE5-DF4D-47DC-9ABB-2669856F095F}.Release|x64.Build.0 = Release|x64
		{D3010AE5-DF4D-47DC-9ABB-2669856F095F}.Release|x86.ActiveCfg = Release|Win32
		{D3010AE5-DF4D-47DC-9ABB-2669856F095F}.Release|x86.Build.0 = Release|Win32
		{FE687A58-5E76-45C6-85F2-718D3970C7B6}.Debug|x64.ActiveCfg = Debug|x64
		{FE687A58-5E76-45C6-85F2-718D3970C7B6}.Debug|x64.Build.0 = Debug|x64
		{FE687A58-5E76-45C6-85F2-718D3970C7B6}.Debug|x86.ActiveCfg = Debug|Win32
		{FE687A58-5E76-45C6-85F2-718D3970C7B6}.Debug|x86.Build.0 = Debug|Win32
		{FE687A58-5E76-45C6-85F2-718D3970C7B6}.Release|x64.ActiveCfg = Release|x64
		{FE687A58-5E76-45C6-85F2-718D3970C7B6}.Release|x64.Build.0 = Release|x64
		{FE687A58-5E76-45C6-85F2-718D3970C7B6}.Release|x86.ActiveCfg = Release|Win32
		{FE687A58-5E76-45C6-85F2-718D3970C7B6}.Release|x86.Build.0 = Release|Win32
		{294491CC-D4AB-4F37-923D-F10153069943}.Debug|x64.ActiveCfg = Debug|x64
		{294491CC-D4AB-4F37-923D-F10153069943}.Debug|x64.Build.0 = Debug|x64
		{294491CC-D4AB-4F37-923D-F10153069943}.Debug|x86.ActiveCfg = Debug|Win32
		{294491CC-D4AB-4F37-923D-F10153069943}.Debug|x86.Build.0 = Debug|Win32
		{294491CC-D4AB-4F37-923D-F10153069943}.Release|x64.ActiveCfg = Release|x64
		{294491CC-D4AB-4F37-923D-F10153069943}.Release|x64.Build.0 = Release|x64
		{294491CC-D4AB-4F37-923D-F10153069943}.Release|x86.ActiveCfg = Release|Win32
		{294491CC-D4AB-4F37-923D-F10153069943}.Release|x86.Build.0 = Release|Win32
	EndGlobalSection
	GlobalSection(SolutionProperties) = preSolution
		HideSolutionNode = FALSE
	EndGlobalSection
	GlobalSection(ExtensibilityGlobals) = postSolution
		SolutionGuid = {190E9577-BA3F-4516-BB8E-2D96ED9A05F8}
	EndGlobalSection
EndGlobal
