
Microsoft Visual Studio Solution File, Format Version 12.00
# Visual Studio 15
VisualStudioVersion = 15.0.28010.2026
MinimumVisualStudioVersion = 10.0.40219.1
Project("{8BC9CEB8-8B4A-11D0-8D11-00A0C91BC942}") = "TCPClient", "TCPClient\TCPClient.vcxproj", "{BE904F8E-4C4A-4B62-971D-3441C5354191}"
EndProject
Global
	GlobalSection(SolutionConfigurationPlatforms) = preSolution
		Debug|x64 = Debug|x64
		Debug|x86 = Debug|x86
		Release|x64 = Release|x64
		Release|x86 = Release|x86
	EndGlobalSection
	GlobalSection(ProjectConfigurationPlatforms) = postSolution
		{BE904F8E-4C4A-4B62-971D-3441C5354191}.Debug|x64.ActiveCfg = Debug|x64
		{BE904F8E-4C4A-4B62-971D-3441C5354191}.Debug|x64.Build.0 = Debug|x64
		{BE904F8E-4C4A-4B62-971D-3441C5354191}.Debug|x86.ActiveCfg = Debug|Win32
		{BE904F8E-4C4A-4B62-971D-3441C5354191}.Debug|x86.Build.0 = Debug|Win32
		{BE904F8E-4C4A-4B62-971D-3441C5354191}.Release|x64.ActiveCfg = Release|x64
		{BE904F8E-4C4A-4B62-971D-3441C5354191}.Release|x64.Build.0 = Release|x64
		{BE904F8E-4C4A-4B62-971D-3441C5354191}.Release|x86.ActiveCfg = Release|Win32
		{BE904F8E-4C4A-4B62-971D-3441C5354191}.Release|x86.Build.0 = Release|Win32
	EndGlobalSection
	GlobalSection(SolutionProperties) = preSolution
		HideSolutionNode = FALSE
	EndGlobalSection
	GlobalSection(ExtensibilityGlobals) = postSolution
		SolutionGuid = {C2F56BF0-26E3-494C-9EF5-68E9D3630CCF}
	EndGlobalSection
EndGlobal
