
Microsoft Visual Studio Solution File, Format Version 12.00
# Visual Studio 15
VisualStudioVersion = 15.0.28010.2026
MinimumVisualStudioVersion = 10.0.40219.1
Project("{8BC9CEB8-8B4A-11D0-8D11-00A0C91BC942}") = "TCPClient", "TCPClient\TCPClient.vcxproj", "{BE904F8E-4C4A-4B62-971D-3441C5354191}"
EndProject
Project("{8BC9CEB8-8B4A-11D0-8D11-00A0C91BC942}") = "UDPClient", "UDPClient\UDPClient.vcxproj", "{B082A096-49BB-4146-B9E0-A37CB1B74710}"
EndProject
Project("{8BC9CEB8-8B4A-11D0-8D11-00A0C91BC942}") = "MoveTestClient", "MoveTestClient\MoveTestClient.vcxproj", "{94830846-21F3-4A6C-B7B4-2D076099A7A7}"
EndProject
Project("{8BC9CEB8-8B4A-11D0-8D11-00A0C91BC942}") = "ChessClient", "ChessClient\ChessClient.vcxproj", "{F6841419-A955-4140-B196-B96754A7EE1C}"
EndProject
Project("{8BC9CEB8-8B4A-11D0-8D11-00A0C91BC942}") = "CatchMindClient", "CatchMindClient\CatchMindClient.vcxproj", "{F7830CF2-8649-44FA-9AA3-56D6F27CBE46}"
EndProject
Project("{8BC9CEB8-8B4A-11D0-8D11-00A0C91BC942}") = "CatchMindClientConsole", "CatchMindClientConsole\CatchMindClientConsole.vcxproj", "{DAE4CEE8-C13B-4E89-BC0D-9803D360AE12}"
EndProject
Project("{8BC9CEB8-8B4A-11D0-8D11-00A0C91BC942}") = "IOCompletionPortClient", "IOCompletionPortClient\IOCompletionPortClient.vcxproj", "{EF9EE417-F8BD-4DF9-AFBB-8F494B2FE092}"
EndProject
Global
	GlobalSection(SolutionConfigurationPlatforms) = preSolution
		Debug|x64 = Debug|x64
		Debug|x86 = Debug|x86
		Release|x64 = Release|x64
		Release|x86 = Release|x86
	EndGlobalSection
	GlobalSection(ProjectConfigurationPlatforms) = postSolution
		{BE904F8E-4C4A-4B62-971D-3441C5354191}.Debug|x64.ActiveCfg = Debug|x64
		{BE904F8E-4C4A-4B62-971D-3441C5354191}.Debug|x64.Build.0 = Debug|x64
		{BE904F8E-4C4A-4B62-971D-3441C5354191}.Debug|x86.ActiveCfg = Debug|Win32
		{BE904F8E-4C4A-4B62-971D-3441C5354191}.Debug|x86.Build.0 = Debug|Win32
		{BE904F8E-4C4A-4B62-971D-3441C5354191}.Release|x64.ActiveCfg = Release|x64
		{BE904F8E-4C4A-4B62-971D-3441C5354191}.Release|x64.Build.0 = Release|x64
		{BE904F8E-4C4A-4B62-971D-3441C5354191}.Release|x86.ActiveCfg = Release|Win32
		{BE904F8E-4C4A-4B62-971D-3441C5354191}.Release|x86.Build.0 = Release|Win32
		{B082A096-49BB-4146-B9E0-A37CB1B74710}.Debug|x64.ActiveCfg = Debug|x64
		{B082A096-49BB-4146-B9E0-A37CB1B74710}.Debug|x64.Build.0 = Debug|x64
		{B082A096-49BB-4146-B9E0-A37CB1B74710}.Debug|x86.ActiveCfg = Debug|Win32
		{B082A096-49BB-4146-B9E0-A37CB1B74710}.Debug|x86.Build.0 = Debug|Win32
		{B082A096-49BB-4146-B9E0-A37CB1B74710}.Release|x64.ActiveCfg = Release|x64
		{B082A096-49BB-4146-B9E0-A37CB1B74710}.Release|x64.Build.0 = Release|x64
		{B082A096-49BB-4146-B9E0-A37CB1B74710}.Release|x86.ActiveCfg = Release|Win32
		{B082A096-49BB-4146-B9E0-A37CB1B74710}.Release|x86.Build.0 = Release|Win32
		{94830846-21F3-4A6C-B7B4-2D076099A7A7}.Debug|x64.ActiveCfg = Debug|x64
		{94830846-21F3-4A6C-B7B4-2D076099A7A7}.Debug|x64.Build.0 = Debug|x64
		{94830846-21F3-4A6C-B7B4-2D076099A7A7}.Debug|x86.ActiveCfg = Debug|Win32
		{94830846-21F3-4A6C-B7B4-2D076099A7A7}.Debug|x86.Build.0 = Debug|Win32
		{94830846-21F3-4A6C-B7B4-2D076099A7A7}.Release|x64.ActiveCfg = Release|x64
		{94830846-21F3-4A6C-B7B4-2D076099A7A7}.Release|x64.Build.0 = Release|x64
		{94830846-21F3-4A6C-B7B4-2D076099A7A7}.Release|x86.ActiveCfg = Release|Win32
		{94830846-21F3-4A6C-B7B4-2D076099A7A7}.Release|x86.Build.0 = Release|Win32
		{F6841419-A955-4140-B196-B96754A7EE1C}.Debug|x64.ActiveCfg = Debug|x64
		{F6841419-A955-4140-B196-B96754A7EE1C}.Debug|x64.Build.0 = Debug|x64
		{F6841419-A955-4140-B196-B96754A7EE1C}.Debug|x86.ActiveCfg = Debug|Win32
		{F6841419-A955-4140-B196-B96754A7EE1C}.Debug|x86.Build.0 = Debug|Win32
		{F6841419-A955-4140-B196-B96754A7EE1C}.Release|x64.ActiveCfg = Release|x64
		{F6841419-A955-4140-B196-B96754A7EE1C}.Release|x64.Build.0 = Release|x64
		{F6841419-A955-4140-B196-B96754A7EE1C}.Release|x86.ActiveCfg = Release|Win32
		{F6841419-A955-4140-B196-B96754A7EE1C}.Release|x86.Build.0 = Release|Win32
		{F7830CF2-8649-44FA-9AA3-56D6F27CBE46}.Debug|x64.ActiveCfg = Debug|x64
		{F7830CF2-8649-44FA-9AA3-56D6F27CBE46}.Debug|x64.Build.0 = Debug|x64
		{F7830CF2-8649-44FA-9AA3-56D6F27CBE46}.Debug|x86.ActiveCfg = Debug|Win32
		{F7830CF2-8649-44FA-9AA3-56D6F27CBE46}.Debug|x86.Build.0 = Debug|Win32
		{F7830CF2-8649-44FA-9AA3-56D6F27CBE46}.Release|x64.ActiveCfg = Release|x64
		{F7830CF2-8649-44FA-9AA3-56D6F27CBE46}.Release|x64.Build.0 = Release|x64
		{F7830CF2-8649-44FA-9AA3-56D6F27CBE46}.Release|x86.ActiveCfg = Release|Win32
		{F7830CF2-8649-44FA-9AA3-56D6F27CBE46}.Release|x86.Build.0 = Release|Win32
		{DAE4CEE8-C13B-4E89-BC0D-9803D360AE12}.Debug|x64.ActiveCfg = Debug|x64
		{DAE4CEE8-C13B-4E89-BC0D-9803D360AE12}.Debug|x64.Build.0 = Debug|x64
		{DAE4CEE8-C13B-4E89-BC0D-9803D360AE12}.Debug|x86.ActiveCfg = Debug|Win32
		{DAE4CEE8-C13B-4E89-BC0D-9803D360AE12}.Debug|x86.Build.0 = Debug|Win32
		{DAE4CEE8-C13B-4E89-BC0D-9803D360AE12}.Release|x64.ActiveCfg = Release|x64
		{DAE4CEE8-C13B-4E89-BC0D-9803D360AE12}.Release|x64.Build.0 = Release|x64
		{DAE4CEE8-C13B-4E89-BC0D-9803D360AE12}.Release|x86.ActiveCfg = Release|Win32
		{DAE4CEE8-C13B-4E89-BC0D-9803D360AE12}.Release|x86.Build.0 = Release|Win32
		{EF9EE417-F8BD-4DF9-AFBB-8F494B2FE092}.Debug|x64.ActiveCfg = Debug|x64
		{EF9EE417-F8BD-4DF9-AFBB-8F494B2FE092}.Debug|x64.Build.0 = Debug|x64
		{EF9EE417-F8BD-4DF9-AFBB-8F494B2FE092}.Debug|x86.ActiveCfg = Debug|Win32
		{EF9EE417-F8BD-4DF9-AFBB-8F494B2FE092}.Debug|x86.Build.0 = Debug|Win32
		{EF9EE417-F8BD-4DF9-AFBB-8F494B2FE092}.Release|x64.ActiveCfg = Release|x64
		{EF9EE417-F8BD-4DF9-AFBB-8F494B2FE092}.Release|x64.Build.0 = Release|x64
		{EF9EE417-F8BD-4DF9-AFBB-8F494B2FE092}.Release|x86.ActiveCfg = Release|Win32
		{EF9EE417-F8BD-4DF9-AFBB-8F494B2FE092}.Release|x86.Build.0 = Release|Win32
	EndGlobalSection
	GlobalSection(SolutionProperties) = preSolution
		HideSolutionNode = FALSE
	EndGlobalSection
	GlobalSection(ExtensibilityGlobals) = postSolution
		SolutionGuid = {C2F56BF0-26E3-494C-9EF5-68E9D3630CCF}
	EndGlobalSection
EndGlobal
